
Microsoft Visual Studio Solution File, Format Version 9.00
# Visual Studio 2005
Project("{FAE04EC0-301F-11D3-BF4B-00C04F79EFBC}") = "ActiveUp.Net.Samples.Compact", "ActiveUp.Net.Samples.Compact\ActiveUp.Net.Samples.Compact.csproj", "{3DF24A4A-54D9-43C0-AFAD-ECB6B736B895}"
EndProject
Project("{FAE04EC0-301F-11D3-BF4B-00C04F79EFBC}") = "ActiveUp.Net.Samples.CompactPPC", "ActiveUp.Net.Samples.CompactPPC\ActiveUp.Net.Samples.CompactPPC.csproj", "{A0F33ACB-CEB9-4857-A562-4FF04E799DDE}"
EndProject
Project("{FAE04EC0-301F-11D3-BF4B-00C04F79EFBC}") = "ActiveUp.Net.Samples.CompactSP", "ActiveUp.Net.Samples.CompactSmartPhone\ActiveUp.Net.Samples.CompactSP.csproj", "{712B1247-1BD6-4743-BB32-B8CD65A4D352}"
EndProject
Global
	GlobalSection(SolutionConfigurationPlatforms) = preSolution
		Debug|Any CPU = Debug|Any CPU
		Release|Any CPU = Release|Any CPU
	EndGlobalSection
	GlobalSection(ProjectConfigurationPlatforms) = postSolution
		{3DF24A4A-54D9-43C0-AFAD-ECB6B736B895}.Debug|Any CPU.ActiveCfg = Debug|Any CPU
		{3DF24A4A-54D9-43C0-AFAD-ECB6B736B895}.Debug|Any CPU.Build.0 = Debug|Any CPU
		{3DF24A4A-54D9-43C0-AFAD-ECB6B736B895}.Debug|Any CPU.Deploy.0 = Debug|Any CPU
		{3DF24A4A-54D9-43C0-AFAD-ECB6B736B895}.Release|Any CPU.ActiveCfg = Release|Any CPU
		{3DF24A4A-54D9-43C0-AFAD-ECB6B736B895}.Release|Any CPU.Build.0 = Release|Any CPU
		{3DF24A4A-54D9-43C0-AFAD-ECB6B736B895}.Release|Any CPU.Deploy.0 = Release|Any CPU
		{A0F33ACB-CEB9-4857-A562-4FF04E799DDE}.Debug|Any CPU.ActiveCfg = Debug|Any CPU
		{A0F33ACB-CEB9-4857-A562-4FF04E799DDE}.Debug|Any CPU.Build.0 = Debug|Any CPU
		{A0F33ACB-CEB9-4857-A562-4FF04E799DDE}.Debug|Any CPU.Deploy.0 = Debug|Any CPU
		{A0F33ACB-CEB9-4857-A562-4FF04E799DDE}.Release|Any CPU.ActiveCfg = Release|Any CPU
		{A0F33ACB-CEB9-4857-A562-4FF04E799DDE}.Release|Any CPU.Build.0 = Release|Any CPU
		{A0F33ACB-CEB9-4857-A562-4FF04E799DDE}.Release|Any CPU.Deploy.0 = Release|Any CPU
		{712B1247-1BD6-4743-BB32-B8CD65A4D352}.Debug|Any CPU.ActiveCfg = Debug|Any CPU
		{712B1247-1BD6-4743-BB32-B8CD65A4D352}.Debug|Any CPU.Build.0 = Debug|Any CPU
		{712B1247-1BD6-4743-BB32-B8CD65A4D352}.Debug|Any CPU.Deploy.0 = Debug|Any CPU
		{712B1247-1BD6-4743-BB32-B8CD65A4D352}.Release|Any CPU.ActiveCfg = Release|Any CPU
		{712B1247-1BD6-4743-BB32-B8CD65A4D352}.Release|Any CPU.Build.0 = Release|Any CPU
		{712B1247-1BD6-4743-BB32-B8CD65A4D352}.Release|Any CPU.Deploy.0 = Release|Any CPU
	EndGlobalSection
	GlobalSection(SolutionProperties) = preSolution
		HideSolutionNode = FALSE
	EndGlobalSection
EndGlobal
