
Microsoft Visual Studio Solution File, Format Version 10.00
# Visual Studio 2008
Project("{2150E333-8FDC-42A3-9474-1A3956D46DE8}") = "Class Library", "Class Library", "{629D406B-F46A-4A9D-A31F-C5956E0AB157}"
EndProject
Project("{2150E333-8FDC-42A3-9474-1A3956D46DE8}") = "Samples", "Samples", "{58566404-2F46-4678-A786-5D8CB217ACA2}"
EndProject
Project("{2150E333-8FDC-42A3-9474-1A3956D46DE8}") = "Queuing Application", "Queuing Application", "{C95F2CCE-9CA6-45A0-BFE6-4E737072B58F}"
EndProject
Project("{2150E333-8FDC-42A3-9474-1A3956D46DE8}") = "Deployment", "Deployment", "{6C4A4F06-65C5-479B-9883-B623857A1426}"
EndProject
Project("{2150E333-8FDC-42A3-9474-1A3956D46DE8}") = "PocketPC", "PocketPC", "{1462B067-7605-44EC-9D3B-827ACC2CB7A0}"
EndProject
Project("{2150E333-8FDC-42A3-9474-1A3956D46DE8}") = "Smartphone", "Smartphone", "{77881714-BA65-4711-9F16-2C3A4132A4F5}"
EndProject
Project("{FAE04EC0-301F-11D3-BF4B-00C04F79EFBC}") = "ActiveUp.Net.Mail", "Class Library\ActiveUp.Net.Mail\ActiveUp.Net.Mail.csproj", "{2BD4C73E-C8DB-420E-9505-96D3F3BCA7B6}"
EndProject
Project("{FAE04EC0-301F-11D3-BF4B-00C04F79EFBC}") = "ActiveUp.Net.OpenPGP", "Class Library\ActiveUp.Net.OpenPGP\ActiveUp.Net.OpenPGP.csproj", "{00CB8737-BA35-4775-AFA4-B8CD446AB83F}"
EndProject
Project("{FAE04EC0-301F-11D3-BF4B-00C04F79EFBC}") = "ActiveUp.Net.WhoIs", "Class Library\ActiveUp.Net.WhoIs\ActiveUp.Net.WhoIs.csproj", "{1E4D8E5B-D422-47DC-9CF3-B8E88A4472AF}"
EndProject
Project("{FAE04EC0-301F-11D3-BF4B-00C04F79EFBC}") = "ActiveUp.Net.Samples", "Samples\CS\ActiveUp.Net.Samples\ActiveUp.Net.Samples.csproj", "{D7048DA0-D973-4B69-9133-BF6620561E77}"
EndProject
Project("{FAE04EC0-301F-11D3-BF4B-00C04F79EFBC}") = "ActiveQLibrary", "Queuing System\ActiveQLibrary\ActiveQLibrary.csproj", "{4F0FD37F-0C57-46DD-A9E3-6A5A1FA12166}"
EndProject
Project("{FAE04EC0-301F-11D3-BF4B-00C04F79EFBC}") = "ActiveQWindowsService", "Queuing System\ActiveQWindowsService\ActiveQWindowsService.csproj", "{E2DB3912-543F-4971-AAE0-2764FF746B34}"
EndProject
Project("{FAE04EC0-301F-11D3-BF4B-00C04F79EFBC}") = "ActiveQConfiguration", "Queuing System\ActiveQConfiguration\ActiveQConfiguration.csproj", "{9A55170C-A322-4783-B70D-E1E088E281D6}"
EndProject
Project("{FAE04EC0-301F-11D3-BF4B-00C04F79EFBC}") = "ActiveQManager", "Queuing System\ActiveQManager\ActiveQManager.csproj", "{01406851-4718-47E4-9FA3-B88CEE494282}"
EndProject
Project("{FAE04EC0-301F-11D3-BF4B-00C04F79EFBC}") = "ActiveQInstallCreateDefaultConfig", "Queuing System\ActiveQInstallCreateDefaultConfig\ActiveQInstallCreateDefaultConfig.csproj", "{03838A8B-B69A-4105-80DF-0B477B362CCF}"
EndProject
Project("{FAE04EC0-301F-11D3-BF4B-00C04F79EFBC}") = "ActiveQInstallInteractDesktop", "Queuing System\ActiveQInstallInteractDesktop\ActiveQInstallInteractDesktop.csproj", "{90A0FFA4-A279-43D4-BFE7-14FA0F3274CE}"
EndProject
Project("{FAE04EC0-301F-11D3-BF4B-00C04F79EFBC}") = "ActiveQInstallLaunchService", "Queuing System\ActiveQInstallLaunchService\ActiveQInstallLaunchService.csproj", "{9474D5ED-903B-4AD3-A31C-1835B47A6069}"
EndProject
Project("{FAE04EC0-301F-11D3-BF4B-00C04F79EFBC}") = "ActiveQInstallDescription", "Queuing System\ActiveQInstallDescription\ActiveQInstallDescription.csproj", "{B100399D-BE6B-4339-92AD-3175AE808D0E}"
EndProject
Project("{FAE04EC0-301F-11D3-BF4B-00C04F79EFBC}") = "ActiveQTestConsole", "Queuing System\ActiveQTestConsole\ActiveQTestConsole.csproj", "{475CDE73-90F0-4DCF-8B6A-0B0A0FF37FC5}"
EndProject
Project("{FAE04EC0-301F-11D3-BF4B-00C04F79EFBC}") = "ActiveUp.Net.Groupware", "Class Library\ActiveUp.Net.Groupware\ActiveUp.Net.Groupware.csproj", "{C646ED2B-50B7-4178-BEFA-657F1259251F}"
EndProject
Project("{FAE04EC0-301F-11D3-BF4B-00C04F79EFBC}") = "ActiveUp.MailSystem.Diagnostic", "Samples\CS\ActiveUp.MailSystem.Diagnostic\ActiveUp.MailSystem.Diagnostic.csproj", "{0B58463C-09B1-41C8-BCA0-99A70D4E55EE}"
EndProject
Project("{FAE04EC0-301F-11D3-BF4B-00C04F79EFBC}") = "ActiveUp.MailSystem.CtsdClient", "Samples\CS\ActiveUp.MailSystem.CtsdClient\ActiveUp.MailSystem.CtsdClient.csproj", "{4ABE3085-0D2B-497F-8A48-B85D7C18FAC4}"
EndProject
Project("{FAE04EC0-301F-11D3-BF4B-00C04F79EFBC}") = "ActiveUp.Net.Dns", "Class Library\ActiveUp.Net.Dns\ActiveUp.Net.Dns.csproj", "{A82CE4DD-9B08-439C-BC28-CB7B2BFFA85C}"
EndProject
Project("{FAE04EC0-301F-11D3-BF4B-00C04F79EFBC}") = "ActiveUp.Net.WhoIs.Compact", "Class Library\ActiveUp.Net.WhoIs.Compact\ActiveUp.Net.WhoIs.Compact.csproj", "{313802D1-FC06-4322-8ABC-6EEA1757EEAB}"
EndProject
Project("{FAE04EC0-301F-11D3-BF4B-00C04F79EFBC}") = "ActiveUp.Net.Dns.Compact", "Class Library\ActiveUp.Net.Dns.Compact\ActiveUp.Net.Dns.Compact.csproj", "{B3095846-DAA3-4D9A-B733-AAD471F1B6F4}"
EndProject
Project("{FAE04EC0-301F-11D3-BF4B-00C04F79EFBC}") = "ActiveUp.Net.Groupware.Compact", "Class Library\ActiveUp.Net.Groupware.Compact\ActiveUp.Net.Groupware.Compact.csproj", "{23B49501-057B-4B15-B0EF-C867412D59C7}"
EndProject
Project("{FAE04EC0-301F-11D3-BF4B-00C04F79EFBC}") = "ActiveUp.Net.Mail.Compact", "Class Library\ActiveUp.Net.Mail.Compact\ActiveUp.Net.Mail.Compact.csproj", "{75ABF3B4-36F3-4FE5-826D-B7D6410207C7}"
EndProject
Project("{FAE04EC0-301F-11D3-BF4B-00C04F79EFBC}") = "ActiveUp.Net.OpenPGP.Compact", "Class Library\ActiveUp.Net.OpenPGP.Compact\ActiveUp.Net.OpenPGP.Compact.csproj", "{80DBEA89-B5F8-4F55-9BE6-928F79F30045}"
EndProject
Project("{FAE04EC0-301F-11D3-BF4B-00C04F79EFBC}") = "ActiveUp.Net.Samples.Compact", "Samples\PPC\ActiveUp.Net.Samples.Compact\ActiveUp.Net.Samples.Compact.csproj", "{3DF24A4A-54D9-43C0-AFAD-ECB6B736B895}"
EndProject
Project("{FAE04EC0-301F-11D3-BF4B-00C04F79EFBC}") = "ActiveUp.Net.Samples.CompactPPC", "Samples\PPC\ActiveUp.Net.Samples.CompactPPC\ActiveUp.Net.Samples.CompactPPC.csproj", "{A0F33ACB-CEB9-4857-A562-4FF04E799DDE}"
EndProject
Project("{FAE04EC0-301F-11D3-BF4B-00C04F79EFBC}") = "ActiveUp.Net.Samples.CompactSP", "Samples\PPC\ActiveUp.Net.Samples.CompactSmartPhone\ActiveUp.Net.Samples.CompactSP.csproj", "{712B1247-1BD6-4743-BB32-B8CD65A4D352}"
EndProject
Project("{B900F1C2-3D47-4FEC-85B3-04AAF18C3634}") = "SPCab", "Samples\PPC\Deployment\SP\SPCab\SPCab.vddproj", "{1C5030E3-41BC-4244-95EB-60BD678F9300}"
EndProject
Project("{B900F1C2-3D47-4FEC-85B3-04AAF18C3634}") = "PPCCab", "Samples\PPC\Deployment\PPC\PPCCab\PPCCab.vddproj", "{646F8377-2F6C-4CE8-ABA4-9FDB0BFB0B16}"
EndProject
Global
	GlobalSection(SolutionConfigurationPlatforms) = preSolution
		Debug|Any CPU = Debug|Any CPU
		MailSystem Dev|Any CPU = MailSystem Dev|Any CPU
		Release|Any CPU = Release|Any CPU
		Retail (Debug)|Any CPU = Retail (Debug)|Any CPU
		Retail|Any CPU = Retail|Any CPU
		Trial (Debug)|Any CPU = Trial (Debug)|Any CPU
		Trial|Any CPU = Trial|Any CPU
	EndGlobalSection
	GlobalSection(ProjectConfigurationPlatforms) = postSolution
		{2BD4C73E-C8DB-420E-9505-96D3F3BCA7B6}.Debug|Any CPU.ActiveCfg = Debug|Any CPU
		{2BD4C73E-C8DB-420E-9505-96D3F3BCA7B6}.Debug|Any CPU.Build.0 = Debug|Any CPU
		{2BD4C73E-C8DB-420E-9505-96D3F3BCA7B6}.MailSystem Dev|Any CPU.ActiveCfg = MailSystem Dev|Any CPU
		{2BD4C73E-C8DB-420E-9505-96D3F3BCA7B6}.MailSystem Dev|Any CPU.Build.0 = MailSystem Dev|Any CPU
		{2BD4C73E-C8DB-420E-9505-96D3F3BCA7B6}.Release|Any CPU.ActiveCfg = Release|Any CPU
		{2BD4C73E-C8DB-420E-9505-96D3F3BCA7B6}.Release|Any CPU.Build.0 = Release|Any CPU
		{2BD4C73E-C8DB-420E-9505-96D3F3BCA7B6}.Retail (Debug)|Any CPU.ActiveCfg = Debug|Any CPU
		{2BD4C73E-C8DB-420E-9505-96D3F3BCA7B6}.Retail (Debug)|Any CPU.Build.0 = Debug|Any CPU
		{2BD4C73E-C8DB-420E-9505-96D3F3BCA7B6}.Retail|Any CPU.ActiveCfg = Retail|Any CPU
		{2BD4C73E-C8DB-420E-9505-96D3F3BCA7B6}.Retail|Any CPU.Build.0 = Retail|Any CPU
		{2BD4C73E-C8DB-420E-9505-96D3F3BCA7B6}.Trial (Debug)|Any CPU.ActiveCfg = Debug|Any CPU
		{2BD4C73E-C8DB-420E-9505-96D3F3BCA7B6}.Trial (Debug)|Any CPU.Build.0 = Debug|Any CPU
		{2BD4C73E-C8DB-420E-9505-96D3F3BCA7B6}.Trial|Any CPU.ActiveCfg = Trial|Any CPU
		{2BD4C73E-C8DB-420E-9505-96D3F3BCA7B6}.Trial|Any CPU.Build.0 = Trial|Any CPU
		{00CB8737-BA35-4775-AFA4-B8CD446AB83F}.Debug|Any CPU.ActiveCfg = Debug|Any CPU
		{00CB8737-BA35-4775-AFA4-B8CD446AB83F}.Debug|Any CPU.Build.0 = Debug|Any CPU
		{00CB8737-BA35-4775-AFA4-B8CD446AB83F}.MailSystem Dev|Any CPU.ActiveCfg = MailSystem Dev|Any CPU
		{00CB8737-BA35-4775-AFA4-B8CD446AB83F}.MailSystem Dev|Any CPU.Build.0 = MailSystem Dev|Any CPU
		{00CB8737-BA35-4775-AFA4-B8CD446AB83F}.Release|Any CPU.ActiveCfg = Release|Any CPU
		{00CB8737-BA35-4775-AFA4-B8CD446AB83F}.Release|Any CPU.Build.0 = Release|Any CPU
		{00CB8737-BA35-4775-AFA4-B8CD446AB83F}.Retail (Debug)|Any CPU.ActiveCfg = Debug|Any CPU
		{00CB8737-BA35-4775-AFA4-B8CD446AB83F}.Retail (Debug)|Any CPU.Build.0 = Debug|Any CPU
		{00CB8737-BA35-4775-AFA4-B8CD446AB83F}.Retail|Any CPU.ActiveCfg = Retail|Any CPU
		{00CB8737-BA35-4775-AFA4-B8CD446AB83F}.Retail|Any CPU.Build.0 = Retail|Any CPU
		{00CB8737-BA35-4775-AFA4-B8CD446AB83F}.Trial (Debug)|Any CPU.ActiveCfg = Debug|Any CPU
		{00CB8737-BA35-4775-AFA4-B8CD446AB83F}.Trial (Debug)|Any CPU.Build.0 = Debug|Any CPU
		{00CB8737-BA35-4775-AFA4-B8CD446AB83F}.Trial|Any CPU.ActiveCfg = Trial|Any CPU
		{00CB8737-BA35-4775-AFA4-B8CD446AB83F}.Trial|Any CPU.Build.0 = Trial|Any CPU
		{1E4D8E5B-D422-47DC-9CF3-B8E88A4472AF}.Debug|Any CPU.ActiveCfg = Debug|Any CPU
		{1E4D8E5B-D422-47DC-9CF3-B8E88A4472AF}.Debug|Any CPU.Build.0 = Debug|Any CPU
		{1E4D8E5B-D422-47DC-9CF3-B8E88A4472AF}.MailSystem Dev|Any CPU.ActiveCfg = MailSystem Dev|Any CPU
		{1E4D8E5B-D422-47DC-9CF3-B8E88A4472AF}.MailSystem Dev|Any CPU.Build.0 = MailSystem Dev|Any CPU
		{1E4D8E5B-D422-47DC-9CF3-B8E88A4472AF}.Release|Any CPU.ActiveCfg = Release|Any CPU
		{1E4D8E5B-D422-47DC-9CF3-B8E88A4472AF}.Release|Any CPU.Build.0 = Release|Any CPU
		{1E4D8E5B-D422-47DC-9CF3-B8E88A4472AF}.Retail (Debug)|Any CPU.ActiveCfg = Debug|Any CPU
		{1E4D8E5B-D422-47DC-9CF3-B8E88A4472AF}.Retail (Debug)|Any CPU.Build.0 = Debug|Any CPU
		{1E4D8E5B-D422-47DC-9CF3-B8E88A4472AF}.Retail|Any CPU.ActiveCfg = Retail|Any CPU
		{1E4D8E5B-D422-47DC-9CF3-B8E88A4472AF}.Retail|Any CPU.Build.0 = Retail|Any CPU
		{1E4D8E5B-D422-47DC-9CF3-B8E88A4472AF}.Trial (Debug)|Any CPU.ActiveCfg = Debug|Any CPU
		{1E4D8E5B-D422-47DC-9CF3-B8E88A4472AF}.Trial (Debug)|Any CPU.Build.0 = Debug|Any CPU
		{1E4D8E5B-D422-47DC-9CF3-B8E88A4472AF}.Trial|Any CPU.ActiveCfg = Trial|Any CPU
		{1E4D8E5B-D422-47DC-9CF3-B8E88A4472AF}.Trial|Any CPU.Build.0 = Trial|Any CPU
		{D7048DA0-D973-4B69-9133-BF6620561E77}.Debug|Any CPU.ActiveCfg = Debug|Any CPU
		{D7048DA0-D973-4B69-9133-BF6620561E77}.Debug|Any CPU.Build.0 = Debug|Any CPU
		{D7048DA0-D973-4B69-9133-BF6620561E77}.MailSystem Dev|Any CPU.ActiveCfg = MailSystem Dev|Any CPU
		{D7048DA0-D973-4B69-9133-BF6620561E77}.MailSystem Dev|Any CPU.Build.0 = MailSystem Dev|Any CPU
		{D7048DA0-D973-4B69-9133-BF6620561E77}.Release|Any CPU.ActiveCfg = Release|Any CPU
		{D7048DA0-D973-4B69-9133-BF6620561E77}.Release|Any CPU.Build.0 = Release|Any CPU
		{D7048DA0-D973-4B69-9133-BF6620561E77}.Retail (Debug)|Any CPU.ActiveCfg = Debug|Any CPU
		{D7048DA0-D973-4B69-9133-BF6620561E77}.Retail (Debug)|Any CPU.Build.0 = Debug|Any CPU
		{D7048DA0-D973-4B69-9133-BF6620561E77}.Retail|Any CPU.ActiveCfg = Retail|Any CPU
		{D7048DA0-D973-4B69-9133-BF6620561E77}.Retail|Any CPU.Build.0 = Retail|Any CPU
		{D7048DA0-D973-4B69-9133-BF6620561E77}.Trial (Debug)|Any CPU.ActiveCfg = Debug|Any CPU
		{D7048DA0-D973-4B69-9133-BF6620561E77}.Trial (Debug)|Any CPU.Build.0 = Debug|Any CPU
		{D7048DA0-D973-4B69-9133-BF6620561E77}.Trial|Any CPU.ActiveCfg = Trial|Any CPU
		{D7048DA0-D973-4B69-9133-BF6620561E77}.Trial|Any CPU.Build.0 = Trial|Any CPU
		{4F0FD37F-0C57-46DD-A9E3-6A5A1FA12166}.Debug|Any CPU.ActiveCfg = Debug|Any CPU
		{4F0FD37F-0C57-46DD-A9E3-6A5A1FA12166}.Debug|Any CPU.Build.0 = Debug|Any CPU
		{4F0FD37F-0C57-46DD-A9E3-6A5A1FA12166}.MailSystem Dev|Any CPU.ActiveCfg = MailSystem Dev|Any CPU
		{4F0FD37F-0C57-46DD-A9E3-6A5A1FA12166}.Release|Any CPU.ActiveCfg = Release|Any CPU
		{4F0FD37F-0C57-46DD-A9E3-6A5A1FA12166}.Release|Any CPU.Build.0 = Release|Any CPU
		{4F0FD37F-0C57-46DD-A9E3-6A5A1FA12166}.Retail (Debug)|Any CPU.ActiveCfg = Debug|Any CPU
		{4F0FD37F-0C57-46DD-A9E3-6A5A1FA12166}.Retail (Debug)|Any CPU.Build.0 = Debug|Any CPU
		{4F0FD37F-0C57-46DD-A9E3-6A5A1FA12166}.Retail|Any CPU.ActiveCfg = Retail|Any CPU
		{4F0FD37F-0C57-46DD-A9E3-6A5A1FA12166}.Retail|Any CPU.Build.0 = Retail|Any CPU
		{4F0FD37F-0C57-46DD-A9E3-6A5A1FA12166}.Trial (Debug)|Any CPU.ActiveCfg = Debug|Any CPU
		{4F0FD37F-0C57-46DD-A9E3-6A5A1FA12166}.Trial (Debug)|Any CPU.Build.0 = Debug|Any CPU
		{4F0FD37F-0C57-46DD-A9E3-6A5A1FA12166}.Trial|Any CPU.ActiveCfg = Trial|Any CPU
		{4F0FD37F-0C57-46DD-A9E3-6A5A1FA12166}.Trial|Any CPU.Build.0 = Trial|Any CPU
		{E2DB3912-543F-4971-AAE0-2764FF746B34}.Debug|Any CPU.ActiveCfg = Debug|Any CPU
		{E2DB3912-543F-4971-AAE0-2764FF746B34}.Debug|Any CPU.Build.0 = Debug|Any CPU
		{E2DB3912-543F-4971-AAE0-2764FF746B34}.MailSystem Dev|Any CPU.ActiveCfg = MailSystem Dev|Any CPU
		{E2DB3912-543F-4971-AAE0-2764FF746B34}.Release|Any CPU.ActiveCfg = Release|Any CPU
		{E2DB3912-543F-4971-AAE0-2764FF746B34}.Release|Any CPU.Build.0 = Release|Any CPU
		{E2DB3912-543F-4971-AAE0-2764FF746B34}.Retail (Debug)|Any CPU.ActiveCfg = Debug|Any CPU
		{E2DB3912-543F-4971-AAE0-2764FF746B34}.Retail (Debug)|Any CPU.Build.0 = Debug|Any CPU
		{E2DB3912-543F-4971-AAE0-2764FF746B34}.Retail|Any CPU.ActiveCfg = Retail|Any CPU
		{E2DB3912-543F-4971-AAE0-2764FF746B34}.Retail|Any CPU.Build.0 = Retail|Any CPU
		{E2DB3912-543F-4971-AAE0-2764FF746B34}.Trial (Debug)|Any CPU.ActiveCfg = Debug|Any CPU
		{E2DB3912-543F-4971-AAE0-2764FF746B34}.Trial (Debug)|Any CPU.Build.0 = Debug|Any CPU
		{E2DB3912-543F-4971-AAE0-2764FF746B34}.Trial|Any CPU.ActiveCfg = Trial|Any CPU
		{E2DB3912-543F-4971-AAE0-2764FF746B34}.Trial|Any CPU.Build.0 = Trial|Any CPU
		{9A55170C-A322-4783-B70D-E1E088E281D6}.Debug|Any CPU.ActiveCfg = Debug|Any CPU
		{9A55170C-A322-4783-B70D-E1E088E281D6}.Debug|Any CPU.Build.0 = Debug|Any CPU
		{9A55170C-A322-4783-B70D-E1E088E281D6}.MailSystem Dev|Any CPU.ActiveCfg = MailSystem Dev|Any CPU
		{9A55170C-A322-4783-B70D-E1E088E281D6}.Release|Any CPU.ActiveCfg = Release|Any CPU
		{9A55170C-A322-4783-B70D-E1E088E281D6}.Release|Any CPU.Build.0 = Release|Any CPU
		{9A55170C-A322-4783-B70D-E1E088E281D6}.Retail (Debug)|Any CPU.ActiveCfg = Debug|Any CPU
		{9A55170C-A322-4783-B70D-E1E088E281D6}.Retail (Debug)|Any CPU.Build.0 = Debug|Any CPU
		{9A55170C-A322-4783-B70D-E1E088E281D6}.Retail|Any CPU.ActiveCfg = Retail|Any CPU
		{9A55170C-A322-4783-B70D-E1E088E281D6}.Retail|Any CPU.Build.0 = Retail|Any CPU
		{9A55170C-A322-4783-B70D-E1E088E281D6}.Trial (Debug)|Any CPU.ActiveCfg = Debug|Any CPU
		{9A55170C-A322-4783-B70D-E1E088E281D6}.Trial (Debug)|Any CPU.Build.0 = Debug|Any CPU
		{9A55170C-A322-4783-B70D-E1E088E281D6}.Trial|Any CPU.ActiveCfg = Trial|Any CPU
		{9A55170C-A322-4783-B70D-E1E088E281D6}.Trial|Any CPU.Build.0 = Trial|Any CPU
		{01406851-4718-47E4-9FA3-B88CEE494282}.Debug|Any CPU.ActiveCfg = Debug|Any CPU
		{01406851-4718-47E4-9FA3-B88CEE494282}.Debug|Any CPU.Build.0 = Debug|Any CPU
		{01406851-4718-47E4-9FA3-B88CEE494282}.MailSystem Dev|Any CPU.ActiveCfg = MailSystem Dev|Any CPU
		{01406851-4718-47E4-9FA3-B88CEE494282}.Release|Any CPU.ActiveCfg = Release|Any CPU
		{01406851-4718-47E4-9FA3-B88CEE494282}.Release|Any CPU.Build.0 = Release|Any CPU
		{01406851-4718-47E4-9FA3-B88CEE494282}.Retail (Debug)|Any CPU.ActiveCfg = Debug|Any CPU
		{01406851-4718-47E4-9FA3-B88CEE494282}.Retail (Debug)|Any CPU.Build.0 = Debug|Any CPU
		{01406851-4718-47E4-9FA3-B88CEE494282}.Retail|Any CPU.ActiveCfg = Retail|Any CPU
		{01406851-4718-47E4-9FA3-B88CEE494282}.Retail|Any CPU.Build.0 = Retail|Any CPU
		{01406851-4718-47E4-9FA3-B88CEE494282}.Trial (Debug)|Any CPU.ActiveCfg = Debug|Any CPU
		{01406851-4718-47E4-9FA3-B88CEE494282}.Trial (Debug)|Any CPU.Build.0 = Debug|Any CPU
		{01406851-4718-47E4-9FA3-B88CEE494282}.Trial|Any CPU.ActiveCfg = Trial|Any CPU
		{01406851-4718-47E4-9FA3-B88CEE494282}.Trial|Any CPU.Build.0 = Trial|Any CPU
		{03838A8B-B69A-4105-80DF-0B477B362CCF}.Debug|Any CPU.ActiveCfg = Debug|Any CPU
		{03838A8B-B69A-4105-80DF-0B477B362CCF}.Debug|Any CPU.Build.0 = Debug|Any CPU
		{03838A8B-B69A-4105-80DF-0B477B362CCF}.MailSystem Dev|Any CPU.ActiveCfg = MailSystem Dev|Any CPU
		{03838A8B-B69A-4105-80DF-0B477B362CCF}.Release|Any CPU.ActiveCfg = Release|Any CPU
		{03838A8B-B69A-4105-80DF-0B477B362CCF}.Release|Any CPU.Build.0 = Release|Any CPU
		{03838A8B-B69A-4105-80DF-0B477B362CCF}.Retail (Debug)|Any CPU.ActiveCfg = Debug|Any CPU
		{03838A8B-B69A-4105-80DF-0B477B362CCF}.Retail (Debug)|Any CPU.Build.0 = Debug|Any CPU
		{03838A8B-B69A-4105-80DF-0B477B362CCF}.Retail|Any CPU.ActiveCfg = Retail|Any CPU
		{03838A8B-B69A-4105-80DF-0B477B362CCF}.Retail|Any CPU.Build.0 = Retail|Any CPU
		{03838A8B-B69A-4105-80DF-0B477B362CCF}.Trial (Debug)|Any CPU.ActiveCfg = Debug|Any CPU
		{03838A8B-B69A-4105-80DF-0B477B362CCF}.Trial (Debug)|Any CPU.Build.0 = Debug|Any CPU
		{03838A8B-B69A-4105-80DF-0B477B362CCF}.Trial|Any CPU.ActiveCfg = Trial|Any CPU
		{03838A8B-B69A-4105-80DF-0B477B362CCF}.Trial|Any CPU.Build.0 = Trial|Any CPU
		{90A0FFA4-A279-43D4-BFE7-14FA0F3274CE}.Debug|Any CPU.ActiveCfg = Debug|Any CPU
		{90A0FFA4-A279-43D4-BFE7-14FA0F3274CE}.Debug|Any CPU.Build.0 = Debug|Any CPU
		{90A0FFA4-A279-43D4-BFE7-14FA0F3274CE}.MailSystem Dev|Any CPU.ActiveCfg = MailSystem Dev|Any CPU
		{90A0FFA4-A279-43D4-BFE7-14FA0F3274CE}.Release|Any CPU.ActiveCfg = Release|Any CPU
		{90A0FFA4-A279-43D4-BFE7-14FA0F3274CE}.Release|Any CPU.Build.0 = Release|Any CPU
		{90A0FFA4-A279-43D4-BFE7-14FA0F3274CE}.Retail (Debug)|Any CPU.ActiveCfg = Debug|Any CPU
		{90A0FFA4-A279-43D4-BFE7-14FA0F3274CE}.Retail (Debug)|Any CPU.Build.0 = Debug|Any CPU
		{90A0FFA4-A279-43D4-BFE7-14FA0F3274CE}.Retail|Any CPU.ActiveCfg = Retail|Any CPU
		{90A0FFA4-A279-43D4-BFE7-14FA0F3274CE}.Retail|Any CPU.Build.0 = Retail|Any CPU
		{90A0FFA4-A279-43D4-BFE7-14FA0F3274CE}.Trial (Debug)|Any CPU.ActiveCfg = Debug|Any CPU
		{90A0FFA4-A279-43D4-BFE7-14FA0F3274CE}.Trial (Debug)|Any CPU.Build.0 = Debug|Any CPU
		{90A0FFA4-A279-43D4-BFE7-14FA0F3274CE}.Trial|Any CPU.ActiveCfg = Trial|Any CPU
		{90A0FFA4-A279-43D4-BFE7-14FA0F3274CE}.Trial|Any CPU.Build.0 = Trial|Any CPU
		{9474D5ED-903B-4AD3-A31C-1835B47A6069}.Debug|Any CPU.ActiveCfg = Debug|Any CPU
		{9474D5ED-903B-4AD3-A31C-1835B47A6069}.Debug|Any CPU.Build.0 = Debug|Any CPU
		{9474D5ED-903B-4AD3-A31C-1835B47A6069}.MailSystem Dev|Any CPU.ActiveCfg = MailSystem Dev|Any CPU
		{9474D5ED-903B-4AD3-A31C-1835B47A6069}.Release|Any CPU.ActiveCfg = Release|Any CPU
		{9474D5ED-903B-4AD3-A31C-1835B47A6069}.Release|Any CPU.Build.0 = Release|Any CPU
		{9474D5ED-903B-4AD3-A31C-1835B47A6069}.Retail (Debug)|Any CPU.ActiveCfg = Debug|Any CPU
		{9474D5ED-903B-4AD3-A31C-1835B47A6069}.Retail (Debug)|Any CPU.Build.0 = Debug|Any CPU
		{9474D5ED-903B-4AD3-A31C-1835B47A6069}.Retail|Any CPU.ActiveCfg = Retail|Any CPU
		{9474D5ED-903B-4AD3-A31C-1835B47A6069}.Retail|Any CPU.Build.0 = Retail|Any CPU
		{9474D5ED-903B-4AD3-A31C-1835B47A6069}.Trial (Debug)|Any CPU.ActiveCfg = Debug|Any CPU
		{9474D5ED-903B-4AD3-A31C-1835B47A6069}.Trial (Debug)|Any CPU.Build.0 = Debug|Any CPU
		{9474D5ED-903B-4AD3-A31C-1835B47A6069}.Trial|Any CPU.ActiveCfg = Trial|Any CPU
		{9474D5ED-903B-4AD3-A31C-1835B47A6069}.Trial|Any CPU.Build.0 = Trial|Any CPU
		{B100399D-BE6B-4339-92AD-3175AE808D0E}.Debug|Any CPU.ActiveCfg = Debug|Any CPU
		{B100399D-BE6B-4339-92AD-3175AE808D0E}.Debug|Any CPU.Build.0 = Debug|Any CPU
		{B100399D-BE6B-4339-92AD-3175AE808D0E}.MailSystem Dev|Any CPU.ActiveCfg = MailSystem Dev|Any CPU
		{B100399D-BE6B-4339-92AD-3175AE808D0E}.Release|Any CPU.ActiveCfg = Release|Any CPU
		{B100399D-BE6B-4339-92AD-3175AE808D0E}.Release|Any CPU.Build.0 = Release|Any CPU
		{B100399D-BE6B-4339-92AD-3175AE808D0E}.Retail (Debug)|Any CPU.ActiveCfg = Debug|Any CPU
		{B100399D-BE6B-4339-92AD-3175AE808D0E}.Retail (Debug)|Any CPU.Build.0 = Debug|Any CPU
		{B100399D-BE6B-4339-92AD-3175AE808D0E}.Retail|Any CPU.ActiveCfg = Retail|Any CPU
		{B100399D-BE6B-4339-92AD-3175AE808D0E}.Retail|Any CPU.Build.0 = Retail|Any CPU
		{B100399D-BE6B-4339-92AD-3175AE808D0E}.Trial (Debug)|Any CPU.ActiveCfg = Debug|Any CPU
		{B100399D-BE6B-4339-92AD-3175AE808D0E}.Trial (Debug)|Any CPU.Build.0 = Debug|Any CPU
		{B100399D-BE6B-4339-92AD-3175AE808D0E}.Trial|Any CPU.ActiveCfg = Trial|Any CPU
		{B100399D-BE6B-4339-92AD-3175AE808D0E}.Trial|Any CPU.Build.0 = Trial|Any CPU
		{475CDE73-90F0-4DCF-8B6A-0B0A0FF37FC5}.Debug|Any CPU.ActiveCfg = Debug|Any CPU
		{475CDE73-90F0-4DCF-8B6A-0B0A0FF37FC5}.Debug|Any CPU.Build.0 = Debug|Any CPU
		{475CDE73-90F0-4DCF-8B6A-0B0A0FF37FC5}.MailSystem Dev|Any CPU.ActiveCfg = MailSystem Dev|Any CPU
		{475CDE73-90F0-4DCF-8B6A-0B0A0FF37FC5}.Release|Any CPU.ActiveCfg = Release|Any CPU
		{475CDE73-90F0-4DCF-8B6A-0B0A0FF37FC5}.Release|Any CPU.Build.0 = Release|Any CPU
		{475CDE73-90F0-4DCF-8B6A-0B0A0FF37FC5}.Retail (Debug)|Any CPU.ActiveCfg = Debug|Any CPU
		{475CDE73-90F0-4DCF-8B6A-0B0A0FF37FC5}.Retail (Debug)|Any CPU.Build.0 = Debug|Any CPU
		{475CDE73-90F0-4DCF-8B6A-0B0A0FF37FC5}.Retail|Any CPU.ActiveCfg = Retail|Any CPU
		{475CDE73-90F0-4DCF-8B6A-0B0A0FF37FC5}.Retail|Any CPU.Build.0 = Retail|Any CPU
		{475CDE73-90F0-4DCF-8B6A-0B0A0FF37FC5}.Trial (Debug)|Any CPU.ActiveCfg = Debug|Any CPU
		{475CDE73-90F0-4DCF-8B6A-0B0A0FF37FC5}.Trial (Debug)|Any CPU.Build.0 = Debug|Any CPU
		{475CDE73-90F0-4DCF-8B6A-0B0A0FF37FC5}.Trial|Any CPU.ActiveCfg = Trial|Any CPU
		{475CDE73-90F0-4DCF-8B6A-0B0A0FF37FC5}.Trial|Any CPU.Build.0 = Trial|Any CPU
		{C646ED2B-50B7-4178-BEFA-657F1259251F}.Debug|Any CPU.ActiveCfg = Debug|Any CPU
		{C646ED2B-50B7-4178-BEFA-657F1259251F}.Debug|Any CPU.Build.0 = Debug|Any CPU
		{C646ED2B-50B7-4178-BEFA-657F1259251F}.MailSystem Dev|Any CPU.ActiveCfg = MailSystem Dev|Any CPU
		{C646ED2B-50B7-4178-BEFA-657F1259251F}.MailSystem Dev|Any CPU.Build.0 = MailSystem Dev|Any CPU
		{C646ED2B-50B7-4178-BEFA-657F1259251F}.Release|Any CPU.ActiveCfg = Release|Any CPU
		{C646ED2B-50B7-4178-BEFA-657F1259251F}.Release|Any CPU.Build.0 = Release|Any CPU
		{C646ED2B-50B7-4178-BEFA-657F1259251F}.Retail (Debug)|Any CPU.ActiveCfg = Retail|Any CPU
		{C646ED2B-50B7-4178-BEFA-657F1259251F}.Retail (Debug)|Any CPU.Build.0 = Retail|Any CPU
		{C646ED2B-50B7-4178-BEFA-657F1259251F}.Retail|Any CPU.ActiveCfg = Retail|Any CPU
		{C646ED2B-50B7-4178-BEFA-657F1259251F}.Retail|Any CPU.Build.0 = Retail|Any CPU
		{C646ED2B-50B7-4178-BEFA-657F1259251F}.Trial (Debug)|Any CPU.ActiveCfg = Trial|Any CPU
		{C646ED2B-50B7-4178-BEFA-657F1259251F}.Trial (Debug)|Any CPU.Build.0 = Trial|Any CPU
		{C646ED2B-50B7-4178-BEFA-657F1259251F}.Trial|Any CPU.ActiveCfg = Trial|Any CPU
		{C646ED2B-50B7-4178-BEFA-657F1259251F}.Trial|Any CPU.Build.0 = Trial|Any CPU
		{0B58463C-09B1-41C8-BCA0-99A70D4E55EE}.Debug|Any CPU.ActiveCfg = Debug|Any CPU
		{0B58463C-09B1-41C8-BCA0-99A70D4E55EE}.Debug|Any CPU.Build.0 = Debug|Any CPU
		{0B58463C-09B1-41C8-BCA0-99A70D4E55EE}.MailSystem Dev|Any CPU.ActiveCfg = MailSystem Dev|Any CPU
		{0B58463C-09B1-41C8-BCA0-99A70D4E55EE}.MailSystem Dev|Any CPU.Build.0 = MailSystem Dev|Any CPU
		{0B58463C-09B1-41C8-BCA0-99A70D4E55EE}.Release|Any CPU.ActiveCfg = Release|Any CPU
		{0B58463C-09B1-41C8-BCA0-99A70D4E55EE}.Release|Any CPU.Build.0 = Release|Any CPU
		{0B58463C-09B1-41C8-BCA0-99A70D4E55EE}.Retail (Debug)|Any CPU.ActiveCfg = Debug|Any CPU
		{0B58463C-09B1-41C8-BCA0-99A70D4E55EE}.Retail (Debug)|Any CPU.Build.0 = Debug|Any CPU
		{0B58463C-09B1-41C8-BCA0-99A70D4E55EE}.Retail|Any CPU.ActiveCfg = Release|Any CPU
		{0B58463C-09B1-41C8-BCA0-99A70D4E55EE}.Retail|Any CPU.Build.0 = Release|Any CPU
		{0B58463C-09B1-41C8-BCA0-99A70D4E55EE}.Trial (Debug)|Any CPU.ActiveCfg = Debug|Any CPU
		{0B58463C-09B1-41C8-BCA0-99A70D4E55EE}.Trial (Debug)|Any CPU.Build.0 = Debug|Any CPU
		{0B58463C-09B1-41C8-BCA0-99A70D4E55EE}.Trial|Any CPU.ActiveCfg = Release|Any CPU
		{0B58463C-09B1-41C8-BCA0-99A70D4E55EE}.Trial|Any CPU.Build.0 = Release|Any CPU
		{4ABE3085-0D2B-497F-8A48-B85D7C18FAC4}.Debug|Any CPU.ActiveCfg = Debug|Any CPU
		{4ABE3085-0D2B-497F-8A48-B85D7C18FAC4}.Debug|Any CPU.Build.0 = Debug|Any CPU
		{4ABE3085-0D2B-497F-8A48-B85D7C18FAC4}.MailSystem Dev|Any CPU.ActiveCfg = Release|Any CPU
		{4ABE3085-0D2B-497F-8A48-B85D7C18FAC4}.MailSystem Dev|Any CPU.Build.0 = Release|Any CPU
		{4ABE3085-0D2B-497F-8A48-B85D7C18FAC4}.Release|Any CPU.ActiveCfg = Release|Any CPU
		{4ABE3085-0D2B-497F-8A48-B85D7C18FAC4}.Release|Any CPU.Build.0 = Release|Any CPU
		{4ABE3085-0D2B-497F-8A48-B85D7C18FAC4}.Retail (Debug)|Any CPU.ActiveCfg = Debug|Any CPU
		{4ABE3085-0D2B-497F-8A48-B85D7C18FAC4}.Retail (Debug)|Any CPU.Build.0 = Debug|Any CPU
		{4ABE3085-0D2B-497F-8A48-B85D7C18FAC4}.Retail|Any CPU.ActiveCfg = Release|Any CPU
		{4ABE3085-0D2B-497F-8A48-B85D7C18FAC4}.Retail|Any CPU.Build.0 = Release|Any CPU
		{4ABE3085-0D2B-497F-8A48-B85D7C18FAC4}.Trial (Debug)|Any CPU.ActiveCfg = Debug|Any CPU
		{4ABE3085-0D2B-497F-8A48-B85D7C18FAC4}.Trial (Debug)|Any CPU.Build.0 = Debug|Any CPU
		{4ABE3085-0D2B-497F-8A48-B85D7C18FAC4}.Trial|Any CPU.ActiveCfg = Release|Any CPU
		{4ABE3085-0D2B-497F-8A48-B85D7C18FAC4}.Trial|Any CPU.Build.0 = Release|Any CPU
		{A82CE4DD-9B08-439C-BC28-CB7B2BFFA85C}.Debug|Any CPU.ActiveCfg = Debug|Any CPU
		{A82CE4DD-9B08-439C-BC28-CB7B2BFFA85C}.Debug|Any CPU.Build.0 = Debug|Any CPU
		{A82CE4DD-9B08-439C-BC28-CB7B2BFFA85C}.MailSystem Dev|Any CPU.ActiveCfg = MailSystem Dev|Any CPU
		{A82CE4DD-9B08-439C-BC28-CB7B2BFFA85C}.MailSystem Dev|Any CPU.Build.0 = MailSystem Dev|Any CPU
		{A82CE4DD-9B08-439C-BC28-CB7B2BFFA85C}.Release|Any CPU.ActiveCfg = Release|Any CPU
		{A82CE4DD-9B08-439C-BC28-CB7B2BFFA85C}.Release|Any CPU.Build.0 = Release|Any CPU
		{A82CE4DD-9B08-439C-BC28-CB7B2BFFA85C}.Retail (Debug)|Any CPU.ActiveCfg = Retail|Any CPU
		{A82CE4DD-9B08-439C-BC28-CB7B2BFFA85C}.Retail (Debug)|Any CPU.Build.0 = Retail|Any CPU
		{A82CE4DD-9B08-439C-BC28-CB7B2BFFA85C}.Retail|Any CPU.ActiveCfg = Retail|Any CPU
		{A82CE4DD-9B08-439C-BC28-CB7B2BFFA85C}.Retail|Any CPU.Build.0 = Retail|Any CPU
		{A82CE4DD-9B08-439C-BC28-CB7B2BFFA85C}.Trial (Debug)|Any CPU.ActiveCfg = Trial|Any CPU
		{A82CE4DD-9B08-439C-BC28-CB7B2BFFA85C}.Trial (Debug)|Any CPU.Build.0 = Trial|Any CPU
		{A82CE4DD-9B08-439C-BC28-CB7B2BFFA85C}.Trial|Any CPU.ActiveCfg = Trial|Any CPU
		{A82CE4DD-9B08-439C-BC28-CB7B2BFFA85C}.Trial|Any CPU.Build.0 = Trial|Any CPU
		{313802D1-FC06-4322-8ABC-6EEA1757EEAB}.Debug|Any CPU.ActiveCfg = Debug|Any CPU
		{313802D1-FC06-4322-8ABC-6EEA1757EEAB}.Debug|Any CPU.Build.0 = Debug|Any CPU
		{313802D1-FC06-4322-8ABC-6EEA1757EEAB}.MailSystem Dev|Any CPU.ActiveCfg = Release|Any CPU
		{313802D1-FC06-4322-8ABC-6EEA1757EEAB}.MailSystem Dev|Any CPU.Build.0 = Release|Any CPU
		{313802D1-FC06-4322-8ABC-6EEA1757EEAB}.Release|Any CPU.ActiveCfg = Release|Any CPU
		{313802D1-FC06-4322-8ABC-6EEA1757EEAB}.Release|Any CPU.Build.0 = Release|Any CPU
		{313802D1-FC06-4322-8ABC-6EEA1757EEAB}.Retail (Debug)|Any CPU.ActiveCfg = Debug|Any CPU
		{313802D1-FC06-4322-8ABC-6EEA1757EEAB}.Retail (Debug)|Any CPU.Build.0 = Debug|Any CPU
		{313802D1-FC06-4322-8ABC-6EEA1757EEAB}.Retail|Any CPU.ActiveCfg = Release|Any CPU
		{313802D1-FC06-4322-8ABC-6EEA1757EEAB}.Retail|Any CPU.Build.0 = Release|Any CPU
		{313802D1-FC06-4322-8ABC-6EEA1757EEAB}.Trial (Debug)|Any CPU.ActiveCfg = Debug|Any CPU
		{313802D1-FC06-4322-8ABC-6EEA1757EEAB}.Trial (Debug)|Any CPU.Build.0 = Debug|Any CPU
		{313802D1-FC06-4322-8ABC-6EEA1757EEAB}.Trial|Any CPU.ActiveCfg = Trial|Any CPU
		{313802D1-FC06-4322-8ABC-6EEA1757EEAB}.Trial|Any CPU.Build.0 = Trial|Any CPU
		{B3095846-DAA3-4D9A-B733-AAD471F1B6F4}.Debug|Any CPU.ActiveCfg = Debug|Any CPU
		{B3095846-DAA3-4D9A-B733-AAD471F1B6F4}.Debug|Any CPU.Build.0 = Debug|Any CPU
		{B3095846-DAA3-4D9A-B733-AAD471F1B6F4}.MailSystem Dev|Any CPU.ActiveCfg = Release|Any CPU
		{B3095846-DAA3-4D9A-B733-AAD471F1B6F4}.MailSystem Dev|Any CPU.Build.0 = Release|Any CPU
		{B3095846-DAA3-4D9A-B733-AAD471F1B6F4}.Release|Any CPU.ActiveCfg = Release|Any CPU
		{B3095846-DAA3-4D9A-B733-AAD471F1B6F4}.Release|Any CPU.Build.0 = Release|Any CPU
		{B3095846-DAA3-4D9A-B733-AAD471F1B6F4}.Retail (Debug)|Any CPU.ActiveCfg = Debug|Any CPU
		{B3095846-DAA3-4D9A-B733-AAD471F1B6F4}.Retail (Debug)|Any CPU.Build.0 = Debug|Any CPU
		{B3095846-DAA3-4D9A-B733-AAD471F1B6F4}.Retail|Any CPU.ActiveCfg = Release|Any CPU
		{B3095846-DAA3-4D9A-B733-AAD471F1B6F4}.Retail|Any CPU.Build.0 = Release|Any CPU
		{B3095846-DAA3-4D9A-B733-AAD471F1B6F4}.Trial (Debug)|Any CPU.ActiveCfg = Debug|Any CPU
		{B3095846-DAA3-4D9A-B733-AAD471F1B6F4}.Trial (Debug)|Any CPU.Build.0 = Debug|Any CPU
		{B3095846-DAA3-4D9A-B733-AAD471F1B6F4}.Trial|Any CPU.ActiveCfg = Trial|Any CPU
		{B3095846-DAA3-4D9A-B733-AAD471F1B6F4}.Trial|Any CPU.Build.0 = Trial|Any CPU
		{23B49501-057B-4B15-B0EF-C867412D59C7}.Debug|Any CPU.ActiveCfg = Debug|Any CPU
		{23B49501-057B-4B15-B0EF-C867412D59C7}.Debug|Any CPU.Build.0 = Debug|Any CPU
		{23B49501-057B-4B15-B0EF-C867412D59C7}.MailSystem Dev|Any CPU.ActiveCfg = Release|Any CPU
		{23B49501-057B-4B15-B0EF-C867412D59C7}.MailSystem Dev|Any CPU.Build.0 = Release|Any CPU
		{23B49501-057B-4B15-B0EF-C867412D59C7}.Release|Any CPU.ActiveCfg = Release|Any CPU
		{23B49501-057B-4B15-B0EF-C867412D59C7}.Release|Any CPU.Build.0 = Release|Any CPU
		{23B49501-057B-4B15-B0EF-C867412D59C7}.Retail (Debug)|Any CPU.ActiveCfg = Debug|Any CPU
		{23B49501-057B-4B15-B0EF-C867412D59C7}.Retail (Debug)|Any CPU.Build.0 = Debug|Any CPU
		{23B49501-057B-4B15-B0EF-C867412D59C7}.Retail|Any CPU.ActiveCfg = Release|Any CPU
		{23B49501-057B-4B15-B0EF-C867412D59C7}.Retail|Any CPU.Build.0 = Release|Any CPU
		{23B49501-057B-4B15-B0EF-C867412D59C7}.Trial (Debug)|Any CPU.ActiveCfg = Debug|Any CPU
		{23B49501-057B-4B15-B0EF-C867412D59C7}.Trial (Debug)|Any CPU.Build.0 = Debug|Any CPU
		{23B49501-057B-4B15-B0EF-C867412D59C7}.Trial|Any CPU.ActiveCfg = Trial|Any CPU
		{23B49501-057B-4B15-B0EF-C867412D59C7}.Trial|Any CPU.Build.0 = Trial|Any CPU
		{75ABF3B4-36F3-4FE5-826D-B7D6410207C7}.Debug|Any CPU.ActiveCfg = Debug|Any CPU
		{75ABF3B4-36F3-4FE5-826D-B7D6410207C7}.Debug|Any CPU.Build.0 = Debug|Any CPU
		{75ABF3B4-36F3-4FE5-826D-B7D6410207C7}.MailSystem Dev|Any CPU.ActiveCfg = Release|Any CPU
		{75ABF3B4-36F3-4FE5-826D-B7D6410207C7}.MailSystem Dev|Any CPU.Build.0 = Release|Any CPU
		{75ABF3B4-36F3-4FE5-826D-B7D6410207C7}.Release|Any CPU.ActiveCfg = Release|Any CPU
		{75ABF3B4-36F3-4FE5-826D-B7D6410207C7}.Release|Any CPU.Build.0 = Release|Any CPU
		{75ABF3B4-36F3-4FE5-826D-B7D6410207C7}.Retail (Debug)|Any CPU.ActiveCfg = Debug|Any CPU
		{75ABF3B4-36F3-4FE5-826D-B7D6410207C7}.Retail (Debug)|Any CPU.Build.0 = Debug|Any CPU
		{75ABF3B4-36F3-4FE5-826D-B7D6410207C7}.Retail|Any CPU.ActiveCfg = Release|Any CPU
		{75ABF3B4-36F3-4FE5-826D-B7D6410207C7}.Retail|Any CPU.Build.0 = Release|Any CPU
		{75ABF3B4-36F3-4FE5-826D-B7D6410207C7}.Trial (Debug)|Any CPU.ActiveCfg = Debug|Any CPU
		{75ABF3B4-36F3-4FE5-826D-B7D6410207C7}.Trial (Debug)|Any CPU.Build.0 = Debug|Any CPU
		{75ABF3B4-36F3-4FE5-826D-B7D6410207C7}.Trial|Any CPU.ActiveCfg = Trial|Any CPU
		{75ABF3B4-36F3-4FE5-826D-B7D6410207C7}.Trial|Any CPU.Build.0 = Trial|Any CPU
		{80DBEA89-B5F8-4F55-9BE6-928F79F30045}.Debug|Any CPU.ActiveCfg = Debug|Any CPU
		{80DBEA89-B5F8-4F55-9BE6-928F79F30045}.Debug|Any CPU.Build.0 = Debug|Any CPU
		{80DBEA89-B5F8-4F55-9BE6-928F79F30045}.MailSystem Dev|Any CPU.ActiveCfg = Release|Any CPU
		{80DBEA89-B5F8-4F55-9BE6-928F79F30045}.MailSystem Dev|Any CPU.Build.0 = Release|Any CPU
		{80DBEA89-B5F8-4F55-9BE6-928F79F30045}.Release|Any CPU.ActiveCfg = Release|Any CPU
		{80DBEA89-B5F8-4F55-9BE6-928F79F30045}.Release|Any CPU.Build.0 = Release|Any CPU
		{80DBEA89-B5F8-4F55-9BE6-928F79F30045}.Retail (Debug)|Any CPU.ActiveCfg = Debug|Any CPU
		{80DBEA89-B5F8-4F55-9BE6-928F79F30045}.Retail (Debug)|Any CPU.Build.0 = Debug|Any CPU
		{80DBEA89-B5F8-4F55-9BE6-928F79F30045}.Retail|Any CPU.ActiveCfg = Release|Any CPU
		{80DBEA89-B5F8-4F55-9BE6-928F79F30045}.Retail|Any CPU.Build.0 = Release|Any CPU
		{80DBEA89-B5F8-4F55-9BE6-928F79F30045}.Trial (Debug)|Any CPU.ActiveCfg = Debug|Any CPU
		{80DBEA89-B5F8-4F55-9BE6-928F79F30045}.Trial (Debug)|Any CPU.Build.0 = Debug|Any CPU
		{80DBEA89-B5F8-4F55-9BE6-928F79F30045}.Trial|Any CPU.ActiveCfg = Trial|Any CPU
		{80DBEA89-B5F8-4F55-9BE6-928F79F30045}.Trial|Any CPU.Build.0 = Trial|Any CPU
		{3DF24A4A-54D9-43C0-AFAD-ECB6B736B895}.Debug|Any CPU.ActiveCfg = Debug|Any CPU
		{3DF24A4A-54D9-43C0-AFAD-ECB6B736B895}.Debug|Any CPU.Build.0 = Debug|Any CPU
		{3DF24A4A-54D9-43C0-AFAD-ECB6B736B895}.Debug|Any CPU.Deploy.0 = Debug|Any CPU
		{3DF24A4A-54D9-43C0-AFAD-ECB6B736B895}.MailSystem Dev|Any CPU.ActiveCfg = Release|Any CPU
		{3DF24A4A-54D9-43C0-AFAD-ECB6B736B895}.MailSystem Dev|Any CPU.Build.0 = Release|Any CPU
		{3DF24A4A-54D9-43C0-AFAD-ECB6B736B895}.MailSystem Dev|Any CPU.Deploy.0 = Release|Any CPU
		{3DF24A4A-54D9-43C0-AFAD-ECB6B736B895}.Release|Any CPU.ActiveCfg = Release|Any CPU
		{3DF24A4A-54D9-43C0-AFAD-ECB6B736B895}.Release|Any CPU.Build.0 = Release|Any CPU
		{3DF24A4A-54D9-43C0-AFAD-ECB6B736B895}.Release|Any CPU.Deploy.0 = Release|Any CPU
		{3DF24A4A-54D9-43C0-AFAD-ECB6B736B895}.Retail (Debug)|Any CPU.ActiveCfg = Debug|Any CPU
		{3DF24A4A-54D9-43C0-AFAD-ECB6B736B895}.Retail (Debug)|Any CPU.Build.0 = Debug|Any CPU
		{3DF24A4A-54D9-43C0-AFAD-ECB6B736B895}.Retail (Debug)|Any CPU.Deploy.0 = Debug|Any CPU
		{3DF24A4A-54D9-43C0-AFAD-ECB6B736B895}.Retail|Any CPU.ActiveCfg = Release|Any CPU
		{3DF24A4A-54D9-43C0-AFAD-ECB6B736B895}.Retail|Any CPU.Build.0 = Release|Any CPU
		{3DF24A4A-54D9-43C0-AFAD-ECB6B736B895}.Retail|Any CPU.Deploy.0 = Release|Any CPU
		{3DF24A4A-54D9-43C0-AFAD-ECB6B736B895}.Trial (Debug)|Any CPU.ActiveCfg = Debug|Any CPU
		{3DF24A4A-54D9-43C0-AFAD-ECB6B736B895}.Trial (Debug)|Any CPU.Build.0 = Debug|Any CPU
		{3DF24A4A-54D9-43C0-AFAD-ECB6B736B895}.Trial (Debug)|Any CPU.Deploy.0 = Debug|Any CPU
		{3DF24A4A-54D9-43C0-AFAD-ECB6B736B895}.Trial|Any CPU.ActiveCfg = Release|Any CPU
		{3DF24A4A-54D9-43C0-AFAD-ECB6B736B895}.Trial|Any CPU.Build.0 = Release|Any CPU
		{3DF24A4A-54D9-43C0-AFAD-ECB6B736B895}.Trial|Any CPU.Deploy.0 = Release|Any CPU
		{A0F33ACB-CEB9-4857-A562-4FF04E799DDE}.Debug|Any CPU.ActiveCfg = Debug|Any CPU
		{A0F33ACB-CEB9-4857-A562-4FF04E799DDE}.Debug|Any CPU.Build.0 = Debug|Any CPU
		{A0F33ACB-CEB9-4857-A562-4FF04E799DDE}.Debug|Any CPU.Deploy.0 = Debug|Any CPU
		{A0F33ACB-CEB9-4857-A562-4FF04E799DDE}.MailSystem Dev|Any CPU.ActiveCfg = Release|Any CPU
		{A0F33ACB-CEB9-4857-A562-4FF04E799DDE}.MailSystem Dev|Any CPU.Build.0 = Release|Any CPU
		{A0F33ACB-CEB9-4857-A562-4FF04E799DDE}.MailSystem Dev|Any CPU.Deploy.0 = Release|Any CPU
		{A0F33ACB-CEB9-4857-A562-4FF04E799DDE}.Release|Any CPU.ActiveCfg = Release|Any CPU
		{A0F33ACB-CEB9-4857-A562-4FF04E799DDE}.Release|Any CPU.Build.0 = Release|Any CPU
		{A0F33ACB-CEB9-4857-A562-4FF04E799DDE}.Release|Any CPU.Deploy.0 = Release|Any CPU
		{A0F33ACB-CEB9-4857-A562-4FF04E799DDE}.Retail (Debug)|Any CPU.ActiveCfg = Debug|Any CPU
		{A0F33ACB-CEB9-4857-A562-4FF04E799DDE}.Retail (Debug)|Any CPU.Build.0 = Debug|Any CPU
		{A0F33ACB-CEB9-4857-A562-4FF04E799DDE}.Retail (Debug)|Any CPU.Deploy.0 = Debug|Any CPU
		{A0F33ACB-CEB9-4857-A562-4FF04E799DDE}.Retail|Any CPU.ActiveCfg = Release|Any CPU
		{A0F33ACB-CEB9-4857-A562-4FF04E799DDE}.Retail|Any CPU.Build.0 = Release|Any CPU
		{A0F33ACB-CEB9-4857-A562-4FF04E799DDE}.Retail|Any CPU.Deploy.0 = Release|Any CPU
		{A0F33ACB-CEB9-4857-A562-4FF04E799DDE}.Trial (Debug)|Any CPU.ActiveCfg = Debug|Any CPU
		{A0F33ACB-CEB9-4857-A562-4FF04E799DDE}.Trial (Debug)|Any CPU.Build.0 = Debug|Any CPU
		{A0F33ACB-CEB9-4857-A562-4FF04E799DDE}.Trial (Debug)|Any CPU.Deploy.0 = Debug|Any CPU
		{A0F33ACB-CEB9-4857-A562-4FF04E799DDE}.Trial|Any CPU.ActiveCfg = Release|Any CPU
		{A0F33ACB-CEB9-4857-A562-4FF04E799DDE}.Trial|Any CPU.Build.0 = Release|Any CPU
		{A0F33ACB-CEB9-4857-A562-4FF04E799DDE}.Trial|Any CPU.Deploy.0 = Release|Any CPU
		{712B1247-1BD6-4743-BB32-B8CD65A4D352}.Debug|Any CPU.ActiveCfg = Debug|Any CPU
		{712B1247-1BD6-4743-BB32-B8CD65A4D352}.Debug|Any CPU.Build.0 = Debug|Any CPU
		{712B1247-1BD6-4743-BB32-B8CD65A4D352}.Debug|Any CPU.Deploy.0 = Debug|Any CPU
		{712B1247-1BD6-4743-BB32-B8CD65A4D352}.MailSystem Dev|Any CPU.ActiveCfg = Release|Any CPU
		{712B1247-1BD6-4743-BB32-B8CD65A4D352}.MailSystem Dev|Any CPU.Build.0 = Release|Any CPU
		{712B1247-1BD6-4743-BB32-B8CD65A4D352}.MailSystem Dev|Any CPU.Deploy.0 = Release|Any CPU
		{712B1247-1BD6-4743-BB32-B8CD65A4D352}.Release|Any CPU.ActiveCfg = Release|Any CPU
		{712B1247-1BD6-4743-BB32-B8CD65A4D352}.Release|Any CPU.Build.0 = Release|Any CPU
		{712B1247-1BD6-4743-BB32-B8CD65A4D352}.Release|Any CPU.Deploy.0 = Release|Any CPU
		{712B1247-1BD6-4743-BB32-B8CD65A4D352}.Retail (Debug)|Any CPU.ActiveCfg = Debug|Any CPU
		{712B1247-1BD6-4743-BB32-B8CD65A4D352}.Retail (Debug)|Any CPU.Build.0 = Debug|Any CPU
		{712B1247-1BD6-4743-BB32-B8CD65A4D352}.Retail (Debug)|Any CPU.Deploy.0 = Debug|Any CPU
		{712B1247-1BD6-4743-BB32-B8CD65A4D352}.Retail|Any CPU.ActiveCfg = Release|Any CPU
		{712B1247-1BD6-4743-BB32-B8CD65A4D352}.Retail|Any CPU.Build.0 = Release|Any CPU
		{712B1247-1BD6-4743-BB32-B8CD65A4D352}.Retail|Any CPU.Deploy.0 = Release|Any CPU
		{712B1247-1BD6-4743-BB32-B8CD65A4D352}.Trial (Debug)|Any CPU.ActiveCfg = Debug|Any CPU
		{712B1247-1BD6-4743-BB32-B8CD65A4D352}.Trial (Debug)|Any CPU.Build.0 = Debug|Any CPU
		{712B1247-1BD6-4743-BB32-B8CD65A4D352}.Trial (Debug)|Any CPU.Deploy.0 = Debug|Any CPU
		{712B1247-1BD6-4743-BB32-B8CD65A4D352}.Trial|Any CPU.ActiveCfg = Release|Any CPU
		{712B1247-1BD6-4743-BB32-B8CD65A4D352}.Trial|Any CPU.Build.0 = Release|Any CPU
		{712B1247-1BD6-4743-BB32-B8CD65A4D352}.Trial|Any CPU.Deploy.0 = Release|Any CPU
		{1C5030E3-41BC-4244-95EB-60BD678F9300}.Debug|Any CPU.ActiveCfg = Debug
		{1C5030E3-41BC-4244-95EB-60BD678F9300}.Debug|Any CPU.Build.0 = Debug
		{1C5030E3-41BC-4244-95EB-60BD678F9300}.MailSystem Dev|Any CPU.ActiveCfg = Release
		{1C5030E3-41BC-4244-95EB-60BD678F9300}.MailSystem Dev|Any CPU.Build.0 = Release
		{1C5030E3-41BC-4244-95EB-60BD678F9300}.Release|Any CPU.ActiveCfg = Release
		{1C5030E3-41BC-4244-95EB-60BD678F9300}.Release|Any CPU.Build.0 = Release
		{1C5030E3-41BC-4244-95EB-60BD678F9300}.Retail (Debug)|Any CPU.ActiveCfg = Debug
		{1C5030E3-41BC-4244-95EB-60BD678F9300}.Retail (Debug)|Any CPU.Build.0 = Debug
		{1C5030E3-41BC-4244-95EB-60BD678F9300}.Retail|Any CPU.ActiveCfg = Release
		{1C5030E3-41BC-4244-95EB-60BD678F9300}.Retail|Any CPU.Build.0 = Release
		{1C5030E3-41BC-4244-95EB-60BD678F9300}.Trial (Debug)|Any CPU.ActiveCfg = Debug
		{1C5030E3-41BC-4244-95EB-60BD678F9300}.Trial (Debug)|Any CPU.Build.0 = Debug
		{1C5030E3-41BC-4244-95EB-60BD678F9300}.Trial|Any CPU.ActiveCfg = Release
		{1C5030E3-41BC-4244-95EB-60BD678F9300}.Trial|Any CPU.Build.0 = Release
		{646F8377-2F6C-4CE8-ABA4-9FDB0BFB0B16}.Debug|Any CPU.ActiveCfg = Debug
		{646F8377-2F6C-4CE8-ABA4-9FDB0BFB0B16}.Debug|Any CPU.Build.0 = Debug
		{646F8377-2F6C-4CE8-ABA4-9FDB0BFB0B16}.MailSystem Dev|Any CPU.ActiveCfg = Release
		{646F8377-2F6C-4CE8-ABA4-9FDB0BFB0B16}.MailSystem Dev|Any CPU.Build.0 = Release
		{646F8377-2F6C-4CE8-ABA4-9FDB0BFB0B16}.Release|Any CPU.ActiveCfg = Release
		{646F8377-2F6C-4CE8-ABA4-9FDB0BFB0B16}.Release|Any CPU.Build.0 = Release
		{646F8377-2F6C-4CE8-ABA4-9FDB0BFB0B16}.Retail (Debug)|Any CPU.ActiveCfg = Debug
		{646F8377-2F6C-4CE8-ABA4-9FDB0BFB0B16}.Retail (Debug)|Any CPU.Build.0 = Debug
		{646F8377-2F6C-4CE8-ABA4-9FDB0BFB0B16}.Retail|Any CPU.ActiveCfg = Release
		{646F8377-2F6C-4CE8-ABA4-9FDB0BFB0B16}.Retail|Any CPU.Build.0 = Release
		{646F8377-2F6C-4CE8-ABA4-9FDB0BFB0B16}.Trial (Debug)|Any CPU.ActiveCfg = Debug
		{646F8377-2F6C-4CE8-ABA4-9FDB0BFB0B16}.Trial (Debug)|Any CPU.Build.0 = Debug
		{646F8377-2F6C-4CE8-ABA4-9FDB0BFB0B16}.Trial|Any CPU.ActiveCfg = Release
		{646F8377-2F6C-4CE8-ABA4-9FDB0BFB0B16}.Trial|Any CPU.Build.0 = Release
	EndGlobalSection
	GlobalSection(SolutionProperties) = preSolution
		HideSolutionNode = FALSE
	EndGlobalSection
	GlobalSection(NestedProjects) = preSolution
		{2BD4C73E-C8DB-420E-9505-96D3F3BCA7B6} = {629D406B-F46A-4A9D-A31F-C5956E0AB157}
		{00CB8737-BA35-4775-AFA4-B8CD446AB83F} = {629D406B-F46A-4A9D-A31F-C5956E0AB157}
		{1E4D8E5B-D422-47DC-9CF3-B8E88A4472AF} = {629D406B-F46A-4A9D-A31F-C5956E0AB157}
		{C646ED2B-50B7-4178-BEFA-657F1259251F} = {629D406B-F46A-4A9D-A31F-C5956E0AB157}
		{A82CE4DD-9B08-439C-BC28-CB7B2BFFA85C} = {629D406B-F46A-4A9D-A31F-C5956E0AB157}
		{313802D1-FC06-4322-8ABC-6EEA1757EEAB} = {629D406B-F46A-4A9D-A31F-C5956E0AB157}
		{B3095846-DAA3-4D9A-B733-AAD471F1B6F4} = {629D406B-F46A-4A9D-A31F-C5956E0AB157}
		{23B49501-057B-4B15-B0EF-C867412D59C7} = {629D406B-F46A-4A9D-A31F-C5956E0AB157}
		{75ABF3B4-36F3-4FE5-826D-B7D6410207C7} = {629D406B-F46A-4A9D-A31F-C5956E0AB157}
		{80DBEA89-B5F8-4F55-9BE6-928F79F30045} = {629D406B-F46A-4A9D-A31F-C5956E0AB157}
		{6C4A4F06-65C5-479B-9883-B623857A1426} = {58566404-2F46-4678-A786-5D8CB217ACA2}
		{D7048DA0-D973-4B69-9133-BF6620561E77} = {58566404-2F46-4678-A786-5D8CB217ACA2}
		{0B58463C-09B1-41C8-BCA0-99A70D4E55EE} = {58566404-2F46-4678-A786-5D8CB217ACA2}
		{4ABE3085-0D2B-497F-8A48-B85D7C18FAC4} = {58566404-2F46-4678-A786-5D8CB217ACA2}
		{3DF24A4A-54D9-43C0-AFAD-ECB6B736B895} = {58566404-2F46-4678-A786-5D8CB217ACA2}
		{A0F33ACB-CEB9-4857-A562-4FF04E799DDE} = {58566404-2F46-4678-A786-5D8CB217ACA2}
		{712B1247-1BD6-4743-BB32-B8CD65A4D352} = {58566404-2F46-4678-A786-5D8CB217ACA2}
		{4F0FD37F-0C57-46DD-A9E3-6A5A1FA12166} = {C95F2CCE-9CA6-45A0-BFE6-4E737072B58F}
		{E2DB3912-543F-4971-AAE0-2764FF746B34} = {C95F2CCE-9CA6-45A0-BFE6-4E737072B58F}
		{9A55170C-A322-4783-B70D-E1E088E281D6} = {C95F2CCE-9CA6-45A0-BFE6-4E737072B58F}
		{01406851-4718-47E4-9FA3-B88CEE494282} = {C95F2CCE-9CA6-45A0-BFE6-4E737072B58F}
		{03838A8B-B69A-4105-80DF-0B477B362CCF} = {C95F2CCE-9CA6-45A0-BFE6-4E737072B58F}
		{90A0FFA4-A279-43D4-BFE7-14FA0F3274CE} = {C95F2CCE-9CA6-45A0-BFE6-4E737072B58F}
		{9474D5ED-903B-4AD3-A31C-1835B47A6069} = {C95F2CCE-9CA6-45A0-BFE6-4E737072B58F}
		{B100399D-BE6B-4339-92AD-3175AE808D0E} = {C95F2CCE-9CA6-45A0-BFE6-4E737072B58F}
		{475CDE73-90F0-4DCF-8B6A-0B0A0FF37FC5} = {C95F2CCE-9CA6-45A0-BFE6-4E737072B58F}
		{1462B067-7605-44EC-9D3B-827ACC2CB7A0} = {6C4A4F06-65C5-479B-9883-B623857A1426}
		{77881714-BA65-4711-9F16-2C3A4132A4F5} = {6C4A4F06-65C5-479B-9883-B623857A1426}
		{646F8377-2F6C-4CE8-ABA4-9FDB0BFB0B16} = {1462B067-7605-44EC-9D3B-827ACC2CB7A0}
		{1C5030E3-41BC-4244-95EB-60BD678F9300} = {77881714-BA65-4711-9F16-2C3A4132A4F5}
	EndGlobalSection
EndGlobal
