
Microsoft Visual Studio Solution File, Format Version 10.00
# Visual Studio 2008
Project("{2150E333-8FDC-42A3-9474-1A3956D46DE8}") = "Class Library", "Class Library", "{629D406B-F46A-4A9D-A31F-C5956E0AB157}"
EndProject
Project("{2150E333-8FDC-42A3-9474-1A3956D46DE8}") = "Queuing Application", "Queuing Application", "{C95F2CCE-9CA6-45A0-BFE6-4E737072B58F}"
EndProject
Project("{FAE04EC0-301F-11D3-BF4B-00C04F79EFBC}") = "ActiveUp.Net.Mail", "Class Library\ActiveUp.Net.Mail\ActiveUp.Net.Mail.csproj", "{2BD4C73E-C8DB-420E-9505-96D3F3BCA7B6}"
EndProject
Project("{FAE04EC0-301F-11D3-BF4B-00C04F79EFBC}") = "ActiveUp.Net.OpenPGP", "Class Library\ActiveUp.Net.OpenPGP\ActiveUp.Net.OpenPGP.csproj", "{00CB8737-BA35-4775-AFA4-B8CD446AB83F}"
EndProject
Project("{FAE04EC0-301F-11D3-BF4B-00C04F79EFBC}") = "ActiveUp.Net.WhoIs", "Class Library\ActiveUp.Net.WhoIs\ActiveUp.Net.WhoIs.csproj", "{1E4D8E5B-D422-47DC-9CF3-B8E88A4472AF}"
EndProject
Project("{FAE04EC0-301F-11D3-BF4B-00C04F79EFBC}") = "ActiveUp.Net.Dns", "Class Library\ActiveUp.Net.Dns\ActiveUp.Net.Dns.csproj", "{A82CE4DD-9B08-439C-BC28-CB7B2BFFA85C}"
EndProject
Project("{FAE04EC0-301F-11D3-BF4B-00C04F79EFBC}") = "ActiveQLibrary", "Queuing System\ActiveQLibrary\ActiveQLibrary.csproj", "{4F0FD37F-0C57-46DD-A9E3-6A5A1FA12166}"
EndProject
Project("{FAE04EC0-301F-11D3-BF4B-00C04F79EFBC}") = "ActiveQWindowsService", "Queuing System\ActiveQWindowsService\ActiveQWindowsService.csproj", "{E2DB3912-543F-4971-AAE0-2764FF746B34}"
EndProject
Project("{FAE04EC0-301F-11D3-BF4B-00C04F79EFBC}") = "ActiveQConfiguration", "Queuing System\ActiveQConfiguration\ActiveQConfiguration.csproj", "{9A55170C-A322-4783-B70D-E1E088E281D6}"
EndProject
Project("{FAE04EC0-301F-11D3-BF4B-00C04F79EFBC}") = "ActiveQManager", "Queuing System\ActiveQManager\ActiveQManager.csproj", "{01406851-4718-47E4-9FA3-B88CEE494282}"
EndProject
Project("{FAE04EC0-301F-11D3-BF4B-00C04F79EFBC}") = "ActiveQInstallCreateDefaultConfig", "Queuing System\ActiveQInstallCreateDefaultConfig\ActiveQInstallCreateDefaultConfig.csproj", "{03838A8B-B69A-4105-80DF-0B477B362CCF}"
EndProject
Project("{FAE04EC0-301F-11D3-BF4B-00C04F79EFBC}") = "ActiveQInstallInteractDesktop", "Queuing System\ActiveQInstallInteractDesktop\ActiveQInstallInteractDesktop.csproj", "{90A0FFA4-A279-43D4-BFE7-14FA0F3274CE}"
EndProject
Project("{FAE04EC0-301F-11D3-BF4B-00C04F79EFBC}") = "ActiveQInstallLaunchService", "Queuing System\ActiveQInstallLaunchService\ActiveQInstallLaunchService.csproj", "{9474D5ED-903B-4AD3-A31C-1835B47A6069}"
EndProject
Project("{FAE04EC0-301F-11D3-BF4B-00C04F79EFBC}") = "ActiveQInstallDescription", "Queuing System\ActiveQInstallDescription\ActiveQInstallDescription.csproj", "{B100399D-BE6B-4339-92AD-3175AE808D0E}"
EndProject
Project("{FAE04EC0-301F-11D3-BF4B-00C04F79EFBC}") = "ActiveQTestConsole", "Queuing System\ActiveQTestConsole\ActiveQTestConsole.csproj", "{475CDE73-90F0-4DCF-8B6A-0B0A0FF37FC5}"
EndProject
Project("{FAE04EC0-301F-11D3-BF4B-00C04F79EFBC}") = "ActiveUp.Net.Groupware", "Class Library\ActiveUp.Net.Groupware\ActiveUp.Net.Groupware.csproj", "{C646ED2B-50B7-4178-BEFA-657F1259251F}"
EndProject
Project("{FAE04EC0-301F-11D3-BF4B-00C04F79EFBC}") = "ActiveUp.Net.Common", "Class Library\ActiveUp.Net.Common\ActiveUp.Net.Common.csproj", "{3A83AE95-C23F-48B4-9F1A-AD4B32C37B93}"
EndProject
Project("{FAE04EC0-301F-11D3-BF4B-00C04F79EFBC}") = "ActiveUp.Net.Imap4", "Class Library\ActiveUp.Net.Imap4\ActiveUp.Net.Imap4.csproj", "{6BEE77DF-2DD2-41C3-BA16-60E20B1EDDCC}"
EndProject
Project("{FAE04EC0-301F-11D3-BF4B-00C04F79EFBC}") = "ActiveUp.Net.Nntp", "Class Library\ActiveUp.Net.Nntp\ActiveUp.Net.Nntp.csproj", "{FF4B354A-213B-415A-B8F7-582BAAFABC8C}"
EndProject
Project("{FAE04EC0-301F-11D3-BF4B-00C04F79EFBC}") = "ActiveUp.Net.Pop3", "Class Library\ActiveUp.Net.Pop3\ActiveUp.Net.Pop3.csproj", "{3F01CF20-C49D-44A9-AA57-68F04915FE97}"
EndProject
Project("{FAE04EC0-301F-11D3-BF4B-00C04F79EFBC}") = "ActiveUp.Net.Smtp", "Class Library\ActiveUp.Net.Smtp\ActiveUp.Net.Smtp.csproj", "{D9BCD15E-A438-4554-89D3-1CF122167FDD}"
EndProject
Project("{2150E333-8FDC-42A3-9474-1A3956D46DE8}") = "_Copyright", "_Copyright", "{E9A8CFFE-4FAE-4921-A36A-D15DAA105561}"
	ProjectSection(SolutionItems) = preProject
		COPYRIGHT.txt = COPYRIGHT.txt
		LICENSE.txt = LICENSE.txt
	EndProjectSection
EndProject
Project("{FAE04EC0-301F-11D3-BF4B-00C04F79EFBC}") = "ActiveUp.Net.Tests", "Class Library\ActiveUp.Net.Tests\ActiveUp.Net.Tests.csproj", "{5AD3438E-9024-4908-BA15-92726159C4FB}"
EndProject
Global
	GlobalSection(SolutionConfigurationPlatforms) = preSolution
		Debug|.NET = Debug|.NET
		Debug|Any CPU = Debug|Any CPU
		Debug|Mixed Platforms = Debug|Mixed Platforms
		MailSystem Dev|.NET = MailSystem Dev|.NET
		MailSystem Dev|Any CPU = MailSystem Dev|Any CPU
		MailSystem Dev|Mixed Platforms = MailSystem Dev|Mixed Platforms
		Release|.NET = Release|.NET
		Release|Any CPU = Release|Any CPU
		Release|Mixed Platforms = Release|Mixed Platforms
		Retail (Debug)|.NET = Retail (Debug)|.NET
		Retail (Debug)|Any CPU = Retail (Debug)|Any CPU
		Retail (Debug)|Mixed Platforms = Retail (Debug)|Mixed Platforms
		Retail|.NET = Retail|.NET
		Retail|Any CPU = Retail|Any CPU
		Retail|Mixed Platforms = Retail|Mixed Platforms
		Trial (Debug)|.NET = Trial (Debug)|.NET
		Trial (Debug)|Any CPU = Trial (Debug)|Any CPU
		Trial (Debug)|Mixed Platforms = Trial (Debug)|Mixed Platforms
		Trial|.NET = Trial|.NET
		Trial|Any CPU = Trial|Any CPU
		Trial|Mixed Platforms = Trial|Mixed Platforms
	EndGlobalSection
	GlobalSection(ProjectConfigurationPlatforms) = postSolution
		{2BD4C73E-C8DB-420E-9505-96D3F3BCA7B6}.Debug|.NET.ActiveCfg = Debug|Compact
		{2BD4C73E-C8DB-420E-9505-96D3F3BCA7B6}.Debug|Any CPU.ActiveCfg = Debug|Any CPU
		{2BD4C73E-C8DB-420E-9505-96D3F3BCA7B6}.Debug|Any CPU.Build.0 = Debug|Any CPU
		{2BD4C73E-C8DB-420E-9505-96D3F3BCA7B6}.Debug|Mixed Platforms.ActiveCfg = Debug|Any CPU
		{2BD4C73E-C8DB-420E-9505-96D3F3BCA7B6}.Debug|Mixed Platforms.Build.0 = Debug|Any CPU
		{2BD4C73E-C8DB-420E-9505-96D3F3BCA7B6}.MailSystem Dev|.NET.ActiveCfg = MailSystem Dev|Compact
		{2BD4C73E-C8DB-420E-9505-96D3F3BCA7B6}.MailSystem Dev|Any CPU.ActiveCfg = MailSystem Dev|Any CPU
		{2BD4C73E-C8DB-420E-9505-96D3F3BCA7B6}.MailSystem Dev|Any CPU.Build.0 = MailSystem Dev|Any CPU
		{2BD4C73E-C8DB-420E-9505-96D3F3BCA7B6}.MailSystem Dev|Mixed Platforms.ActiveCfg = MailSystem Dev|Compact
		{2BD4C73E-C8DB-420E-9505-96D3F3BCA7B6}.MailSystem Dev|Mixed Platforms.Build.0 = MailSystem Dev|Compact
		{2BD4C73E-C8DB-420E-9505-96D3F3BCA7B6}.Release|.NET.ActiveCfg = Release|Compact
		{2BD4C73E-C8DB-420E-9505-96D3F3BCA7B6}.Release|Any CPU.ActiveCfg = Release|Any CPU
		{2BD4C73E-C8DB-420E-9505-96D3F3BCA7B6}.Release|Any CPU.Build.0 = Release|Any CPU
		{2BD4C73E-C8DB-420E-9505-96D3F3BCA7B6}.Release|Mixed Platforms.ActiveCfg = Release|Compact
		{2BD4C73E-C8DB-420E-9505-96D3F3BCA7B6}.Release|Mixed Platforms.Build.0 = Release|Compact
		{2BD4C73E-C8DB-420E-9505-96D3F3BCA7B6}.Retail (Debug)|.NET.ActiveCfg = Retail|Compact
		{2BD4C73E-C8DB-420E-9505-96D3F3BCA7B6}.Retail (Debug)|Any CPU.ActiveCfg = Debug|Any CPU
		{2BD4C73E-C8DB-420E-9505-96D3F3BCA7B6}.Retail (Debug)|Any CPU.Build.0 = Debug|Any CPU
		{2BD4C73E-C8DB-420E-9505-96D3F3BCA7B6}.Retail (Debug)|Mixed Platforms.ActiveCfg = Retail|Compact
		{2BD4C73E-C8DB-420E-9505-96D3F3BCA7B6}.Retail (Debug)|Mixed Platforms.Build.0 = Retail|Compact
		{2BD4C73E-C8DB-420E-9505-96D3F3BCA7B6}.Retail|.NET.ActiveCfg = Retail|Compact
		{2BD4C73E-C8DB-420E-9505-96D3F3BCA7B6}.Retail|Any CPU.ActiveCfg = Retail|Any CPU
		{2BD4C73E-C8DB-420E-9505-96D3F3BCA7B6}.Retail|Any CPU.Build.0 = Retail|Any CPU
		{2BD4C73E-C8DB-420E-9505-96D3F3BCA7B6}.Retail|Mixed Platforms.ActiveCfg = Retail|Compact
		{2BD4C73E-C8DB-420E-9505-96D3F3BCA7B6}.Retail|Mixed Platforms.Build.0 = Retail|Compact
		{2BD4C73E-C8DB-420E-9505-96D3F3BCA7B6}.Trial (Debug)|.NET.ActiveCfg = Trial|Compact
		{2BD4C73E-C8DB-420E-9505-96D3F3BCA7B6}.Trial (Debug)|Any CPU.ActiveCfg = Debug|Any CPU
		{2BD4C73E-C8DB-420E-9505-96D3F3BCA7B6}.Trial (Debug)|Any CPU.Build.0 = Debug|Any CPU
		{2BD4C73E-C8DB-420E-9505-96D3F3BCA7B6}.Trial (Debug)|Mixed Platforms.ActiveCfg = Trial|Compact
		{2BD4C73E-C8DB-420E-9505-96D3F3BCA7B6}.Trial (Debug)|Mixed Platforms.Build.0 = Trial|Compact
		{2BD4C73E-C8DB-420E-9505-96D3F3BCA7B6}.Trial|.NET.ActiveCfg = Trial|Compact
		{2BD4C73E-C8DB-420E-9505-96D3F3BCA7B6}.Trial|Any CPU.ActiveCfg = Trial|Any CPU
		{2BD4C73E-C8DB-420E-9505-96D3F3BCA7B6}.Trial|Any CPU.Build.0 = Trial|Any CPU
		{2BD4C73E-C8DB-420E-9505-96D3F3BCA7B6}.Trial|Mixed Platforms.ActiveCfg = Trial|Compact
		{2BD4C73E-C8DB-420E-9505-96D3F3BCA7B6}.Trial|Mixed Platforms.Build.0 = Trial|Compact
		{00CB8737-BA35-4775-AFA4-B8CD446AB83F}.Debug|.NET.ActiveCfg = Debug|Any CPU
		{00CB8737-BA35-4775-AFA4-B8CD446AB83F}.Debug|Any CPU.ActiveCfg = Debug|Any CPU
		{00CB8737-BA35-4775-AFA4-B8CD446AB83F}.Debug|Any CPU.Build.0 = Debug|Any CPU
		{00CB8737-BA35-4775-AFA4-B8CD446AB83F}.Debug|Mixed Platforms.ActiveCfg = Debug|Any CPU
		{00CB8737-BA35-4775-AFA4-B8CD446AB83F}.Debug|Mixed Platforms.Build.0 = Debug|Any CPU
		{00CB8737-BA35-4775-AFA4-B8CD446AB83F}.MailSystem Dev|.NET.ActiveCfg = MailSystem Dev|Any CPU
		{00CB8737-BA35-4775-AFA4-B8CD446AB83F}.MailSystem Dev|Any CPU.ActiveCfg = MailSystem Dev|Any CPU
		{00CB8737-BA35-4775-AFA4-B8CD446AB83F}.MailSystem Dev|Any CPU.Build.0 = MailSystem Dev|Any CPU
		{00CB8737-BA35-4775-AFA4-B8CD446AB83F}.MailSystem Dev|Mixed Platforms.ActiveCfg = MailSystem Dev|Any CPU
		{00CB8737-BA35-4775-AFA4-B8CD446AB83F}.MailSystem Dev|Mixed Platforms.Build.0 = MailSystem Dev|Any CPU
		{00CB8737-BA35-4775-AFA4-B8CD446AB83F}.Release|.NET.ActiveCfg = Release|Any CPU
		{00CB8737-BA35-4775-AFA4-B8CD446AB83F}.Release|Any CPU.ActiveCfg = Release|Any CPU
		{00CB8737-BA35-4775-AFA4-B8CD446AB83F}.Release|Any CPU.Build.0 = Release|Any CPU
		{00CB8737-BA35-4775-AFA4-B8CD446AB83F}.Release|Mixed Platforms.ActiveCfg = Release|Any CPU
		{00CB8737-BA35-4775-AFA4-B8CD446AB83F}.Release|Mixed Platforms.Build.0 = Release|Any CPU
		{00CB8737-BA35-4775-AFA4-B8CD446AB83F}.Retail (Debug)|.NET.ActiveCfg = Retail|Any CPU
		{00CB8737-BA35-4775-AFA4-B8CD446AB83F}.Retail (Debug)|Any CPU.ActiveCfg = Debug|Any CPU
		{00CB8737-BA35-4775-AFA4-B8CD446AB83F}.Retail (Debug)|Any CPU.Build.0 = Debug|Any CPU
		{00CB8737-BA35-4775-AFA4-B8CD446AB83F}.Retail (Debug)|Mixed Platforms.ActiveCfg = Retail|Any CPU
		{00CB8737-BA35-4775-AFA4-B8CD446AB83F}.Retail (Debug)|Mixed Platforms.Build.0 = Retail|Any CPU
		{00CB8737-BA35-4775-AFA4-B8CD446AB83F}.Retail|.NET.ActiveCfg = Retail|Any CPU
		{00CB8737-BA35-4775-AFA4-B8CD446AB83F}.Retail|Any CPU.ActiveCfg = Retail|Any CPU
		{00CB8737-BA35-4775-AFA4-B8CD446AB83F}.Retail|Any CPU.Build.0 = Retail|Any CPU
		{00CB8737-BA35-4775-AFA4-B8CD446AB83F}.Retail|Mixed Platforms.ActiveCfg = Retail|Any CPU
		{00CB8737-BA35-4775-AFA4-B8CD446AB83F}.Retail|Mixed Platforms.Build.0 = Retail|Any CPU
		{00CB8737-BA35-4775-AFA4-B8CD446AB83F}.Trial (Debug)|.NET.ActiveCfg = Trial|Any CPU
		{00CB8737-BA35-4775-AFA4-B8CD446AB83F}.Trial (Debug)|Any CPU.ActiveCfg = Debug|Any CPU
		{00CB8737-BA35-4775-AFA4-B8CD446AB83F}.Trial (Debug)|Any CPU.Build.0 = Debug|Any CPU
		{00CB8737-BA35-4775-AFA4-B8CD446AB83F}.Trial (Debug)|Mixed Platforms.ActiveCfg = Trial|Any CPU
		{00CB8737-BA35-4775-AFA4-B8CD446AB83F}.Trial (Debug)|Mixed Platforms.Build.0 = Trial|Any CPU
		{00CB8737-BA35-4775-AFA4-B8CD446AB83F}.Trial|.NET.ActiveCfg = Trial|Any CPU
		{00CB8737-BA35-4775-AFA4-B8CD446AB83F}.Trial|Any CPU.ActiveCfg = Trial|Any CPU
		{00CB8737-BA35-4775-AFA4-B8CD446AB83F}.Trial|Any CPU.Build.0 = Trial|Any CPU
		{00CB8737-BA35-4775-AFA4-B8CD446AB83F}.Trial|Mixed Platforms.ActiveCfg = Trial|Any CPU
		{00CB8737-BA35-4775-AFA4-B8CD446AB83F}.Trial|Mixed Platforms.Build.0 = Trial|Any CPU
		{1E4D8E5B-D422-47DC-9CF3-B8E88A4472AF}.Debug|.NET.ActiveCfg = Debug|Any CPU
		{1E4D8E5B-D422-47DC-9CF3-B8E88A4472AF}.Debug|Any CPU.ActiveCfg = Debug|Any CPU
		{1E4D8E5B-D422-47DC-9CF3-B8E88A4472AF}.Debug|Any CPU.Build.0 = Debug|Any CPU
		{1E4D8E5B-D422-47DC-9CF3-B8E88A4472AF}.Debug|Mixed Platforms.ActiveCfg = Debug|Any CPU
		{1E4D8E5B-D422-47DC-9CF3-B8E88A4472AF}.Debug|Mixed Platforms.Build.0 = Debug|Any CPU
		{1E4D8E5B-D422-47DC-9CF3-B8E88A4472AF}.MailSystem Dev|.NET.ActiveCfg = MailSystem Dev|Any CPU
		{1E4D8E5B-D422-47DC-9CF3-B8E88A4472AF}.MailSystem Dev|Any CPU.ActiveCfg = MailSystem Dev|Any CPU
		{1E4D8E5B-D422-47DC-9CF3-B8E88A4472AF}.MailSystem Dev|Any CPU.Build.0 = MailSystem Dev|Any CPU
		{1E4D8E5B-D422-47DC-9CF3-B8E88A4472AF}.MailSystem Dev|Mixed Platforms.ActiveCfg = MailSystem Dev|Any CPU
		{1E4D8E5B-D422-47DC-9CF3-B8E88A4472AF}.MailSystem Dev|Mixed Platforms.Build.0 = MailSystem Dev|Any CPU
		{1E4D8E5B-D422-47DC-9CF3-B8E88A4472AF}.Release|.NET.ActiveCfg = Release|Any CPU
		{1E4D8E5B-D422-47DC-9CF3-B8E88A4472AF}.Release|Any CPU.ActiveCfg = Release|Any CPU
		{1E4D8E5B-D422-47DC-9CF3-B8E88A4472AF}.Release|Any CPU.Build.0 = Release|Any CPU
		{1E4D8E5B-D422-47DC-9CF3-B8E88A4472AF}.Release|Mixed Platforms.ActiveCfg = Release|Any CPU
		{1E4D8E5B-D422-47DC-9CF3-B8E88A4472AF}.Release|Mixed Platforms.Build.0 = Release|Any CPU
		{1E4D8E5B-D422-47DC-9CF3-B8E88A4472AF}.Retail (Debug)|.NET.ActiveCfg = Retail|Any CPU
		{1E4D8E5B-D422-47DC-9CF3-B8E88A4472AF}.Retail (Debug)|Any CPU.ActiveCfg = Debug|Any CPU
		{1E4D8E5B-D422-47DC-9CF3-B8E88A4472AF}.Retail (Debug)|Any CPU.Build.0 = Debug|Any CPU
		{1E4D8E5B-D422-47DC-9CF3-B8E88A4472AF}.Retail (Debug)|Mixed Platforms.ActiveCfg = Retail|Any CPU
		{1E4D8E5B-D422-47DC-9CF3-B8E88A4472AF}.Retail (Debug)|Mixed Platforms.Build.0 = Retail|Any CPU
		{1E4D8E5B-D422-47DC-9CF3-B8E88A4472AF}.Retail|.NET.ActiveCfg = Retail|Any CPU
		{1E4D8E5B-D422-47DC-9CF3-B8E88A4472AF}.Retail|Any CPU.ActiveCfg = Retail|Any CPU
		{1E4D8E5B-D422-47DC-9CF3-B8E88A4472AF}.Retail|Any CPU.Build.0 = Retail|Any CPU
		{1E4D8E5B-D422-47DC-9CF3-B8E88A4472AF}.Retail|Mixed Platforms.ActiveCfg = Retail|Any CPU
		{1E4D8E5B-D422-47DC-9CF3-B8E88A4472AF}.Retail|Mixed Platforms.Build.0 = Retail|Any CPU
		{1E4D8E5B-D422-47DC-9CF3-B8E88A4472AF}.Trial (Debug)|.NET.ActiveCfg = Trial|Any CPU
		{1E4D8E5B-D422-47DC-9CF3-B8E88A4472AF}.Trial (Debug)|Any CPU.ActiveCfg = Debug|Any CPU
		{1E4D8E5B-D422-47DC-9CF3-B8E88A4472AF}.Trial (Debug)|Any CPU.Build.0 = Debug|Any CPU
		{1E4D8E5B-D422-47DC-9CF3-B8E88A4472AF}.Trial (Debug)|Mixed Platforms.ActiveCfg = Trial|Any CPU
		{1E4D8E5B-D422-47DC-9CF3-B8E88A4472AF}.Trial (Debug)|Mixed Platforms.Build.0 = Trial|Any CPU
		{1E4D8E5B-D422-47DC-9CF3-B8E88A4472AF}.Trial|.NET.ActiveCfg = Trial|Any CPU
		{1E4D8E5B-D422-47DC-9CF3-B8E88A4472AF}.Trial|Any CPU.ActiveCfg = Trial|Any CPU
		{1E4D8E5B-D422-47DC-9CF3-B8E88A4472AF}.Trial|Any CPU.Build.0 = Trial|Any CPU
		{1E4D8E5B-D422-47DC-9CF3-B8E88A4472AF}.Trial|Mixed Platforms.ActiveCfg = Trial|Any CPU
		{1E4D8E5B-D422-47DC-9CF3-B8E88A4472AF}.Trial|Mixed Platforms.Build.0 = Trial|Any CPU
		{A82CE4DD-9B08-439C-BC28-CB7B2BFFA85C}.Debug|.NET.ActiveCfg = Debug|Any CPU
		{A82CE4DD-9B08-439C-BC28-CB7B2BFFA85C}.Debug|Any CPU.ActiveCfg = Debug|Any CPU
		{A82CE4DD-9B08-439C-BC28-CB7B2BFFA85C}.Debug|Any CPU.Build.0 = Debug|Any CPU
		{A82CE4DD-9B08-439C-BC28-CB7B2BFFA85C}.Debug|Mixed Platforms.ActiveCfg = Debug|Any CPU
		{A82CE4DD-9B08-439C-BC28-CB7B2BFFA85C}.Debug|Mixed Platforms.Build.0 = Debug|Any CPU
		{A82CE4DD-9B08-439C-BC28-CB7B2BFFA85C}.MailSystem Dev|.NET.ActiveCfg = MailSystem Dev|Any CPU
		{A82CE4DD-9B08-439C-BC28-CB7B2BFFA85C}.MailSystem Dev|Any CPU.ActiveCfg = MailSystem Dev|Any CPU
		{A82CE4DD-9B08-439C-BC28-CB7B2BFFA85C}.MailSystem Dev|Any CPU.Build.0 = MailSystem Dev|Any CPU
		{A82CE4DD-9B08-439C-BC28-CB7B2BFFA85C}.MailSystem Dev|Mixed Platforms.ActiveCfg = MailSystem Dev|Any CPU
		{A82CE4DD-9B08-439C-BC28-CB7B2BFFA85C}.MailSystem Dev|Mixed Platforms.Build.0 = MailSystem Dev|Any CPU
		{A82CE4DD-9B08-439C-BC28-CB7B2BFFA85C}.Release|.NET.ActiveCfg = Release|Any CPU
		{A82CE4DD-9B08-439C-BC28-CB7B2BFFA85C}.Release|Any CPU.ActiveCfg = Release|Any CPU
		{A82CE4DD-9B08-439C-BC28-CB7B2BFFA85C}.Release|Any CPU.Build.0 = Release|Any CPU
		{A82CE4DD-9B08-439C-BC28-CB7B2BFFA85C}.Release|Mixed Platforms.ActiveCfg = Release|Any CPU
		{A82CE4DD-9B08-439C-BC28-CB7B2BFFA85C}.Release|Mixed Platforms.Build.0 = Release|Any CPU
		{A82CE4DD-9B08-439C-BC28-CB7B2BFFA85C}.Retail (Debug)|.NET.ActiveCfg = Retail|Any CPU
		{A82CE4DD-9B08-439C-BC28-CB7B2BFFA85C}.Retail (Debug)|Any CPU.ActiveCfg = Debug|Any CPU
		{A82CE4DD-9B08-439C-BC28-CB7B2BFFA85C}.Retail (Debug)|Any CPU.Build.0 = Debug|Any CPU
		{A82CE4DD-9B08-439C-BC28-CB7B2BFFA85C}.Retail (Debug)|Mixed Platforms.ActiveCfg = Retail|Any CPU
		{A82CE4DD-9B08-439C-BC28-CB7B2BFFA85C}.Retail (Debug)|Mixed Platforms.Build.0 = Retail|Any CPU
		{A82CE4DD-9B08-439C-BC28-CB7B2BFFA85C}.Retail|.NET.ActiveCfg = Retail|Any CPU
		{A82CE4DD-9B08-439C-BC28-CB7B2BFFA85C}.Retail|Any CPU.ActiveCfg = Retail|Any CPU
		{A82CE4DD-9B08-439C-BC28-CB7B2BFFA85C}.Retail|Any CPU.Build.0 = Retail|Any CPU
		{A82CE4DD-9B08-439C-BC28-CB7B2BFFA85C}.Retail|Mixed Platforms.ActiveCfg = Retail|Any CPU
		{A82CE4DD-9B08-439C-BC28-CB7B2BFFA85C}.Retail|Mixed Platforms.Build.0 = Retail|Any CPU
		{A82CE4DD-9B08-439C-BC28-CB7B2BFFA85C}.Trial (Debug)|.NET.ActiveCfg = Trial|Any CPU
		{A82CE4DD-9B08-439C-BC28-CB7B2BFFA85C}.Trial (Debug)|Any CPU.ActiveCfg = Debug|Any CPU
		{A82CE4DD-9B08-439C-BC28-CB7B2BFFA85C}.Trial (Debug)|Any CPU.Build.0 = Debug|Any CPU
		{A82CE4DD-9B08-439C-BC28-CB7B2BFFA85C}.Trial (Debug)|Mixed Platforms.ActiveCfg = Trial|Any CPU
		{A82CE4DD-9B08-439C-BC28-CB7B2BFFA85C}.Trial (Debug)|Mixed Platforms.Build.0 = Trial|Any CPU
		{A82CE4DD-9B08-439C-BC28-CB7B2BFFA85C}.Trial|.NET.ActiveCfg = Trial|Any CPU
		{A82CE4DD-9B08-439C-BC28-CB7B2BFFA85C}.Trial|Any CPU.ActiveCfg = Trial|Any CPU
		{A82CE4DD-9B08-439C-BC28-CB7B2BFFA85C}.Trial|Any CPU.Build.0 = Trial|Any CPU
		{A82CE4DD-9B08-439C-BC28-CB7B2BFFA85C}.Trial|Mixed Platforms.ActiveCfg = Trial|Any CPU
		{A82CE4DD-9B08-439C-BC28-CB7B2BFFA85C}.Trial|Mixed Platforms.Build.0 = Trial|Any CPU
		{4F0FD37F-0C57-46DD-A9E3-6A5A1FA12166}.Debug|.NET.ActiveCfg = Debug|Any CPU
		{4F0FD37F-0C57-46DD-A9E3-6A5A1FA12166}.Debug|Any CPU.ActiveCfg = Debug|Any CPU
		{4F0FD37F-0C57-46DD-A9E3-6A5A1FA12166}.Debug|Any CPU.Build.0 = Debug|Any CPU
		{4F0FD37F-0C57-46DD-A9E3-6A5A1FA12166}.Debug|Mixed Platforms.ActiveCfg = Debug|Any CPU
		{4F0FD37F-0C57-46DD-A9E3-6A5A1FA12166}.Debug|Mixed Platforms.Build.0 = Debug|Any CPU
		{4F0FD37F-0C57-46DD-A9E3-6A5A1FA12166}.MailSystem Dev|.NET.ActiveCfg = MailSystem Dev|Any CPU
		{4F0FD37F-0C57-46DD-A9E3-6A5A1FA12166}.MailSystem Dev|Any CPU.ActiveCfg = MailSystem Dev|Any CPU
		{4F0FD37F-0C57-46DD-A9E3-6A5A1FA12166}.MailSystem Dev|Mixed Platforms.ActiveCfg = MailSystem Dev|Any CPU
		{4F0FD37F-0C57-46DD-A9E3-6A5A1FA12166}.MailSystem Dev|Mixed Platforms.Build.0 = MailSystem Dev|Any CPU
		{4F0FD37F-0C57-46DD-A9E3-6A5A1FA12166}.Release|.NET.ActiveCfg = Release|Any CPU
		{4F0FD37F-0C57-46DD-A9E3-6A5A1FA12166}.Release|Any CPU.ActiveCfg = Release|Any CPU
		{4F0FD37F-0C57-46DD-A9E3-6A5A1FA12166}.Release|Any CPU.Build.0 = Release|Any CPU
		{4F0FD37F-0C57-46DD-A9E3-6A5A1FA12166}.Release|Mixed Platforms.ActiveCfg = Release|Any CPU
		{4F0FD37F-0C57-46DD-A9E3-6A5A1FA12166}.Release|Mixed Platforms.Build.0 = Release|Any CPU
		{4F0FD37F-0C57-46DD-A9E3-6A5A1FA12166}.Retail (Debug)|.NET.ActiveCfg = Retail|Any CPU
		{4F0FD37F-0C57-46DD-A9E3-6A5A1FA12166}.Retail (Debug)|Any CPU.ActiveCfg = Debug|Any CPU
		{4F0FD37F-0C57-46DD-A9E3-6A5A1FA12166}.Retail (Debug)|Any CPU.Build.0 = Debug|Any CPU
		{4F0FD37F-0C57-46DD-A9E3-6A5A1FA12166}.Retail (Debug)|Mixed Platforms.ActiveCfg = Retail|Any CPU
		{4F0FD37F-0C57-46DD-A9E3-6A5A1FA12166}.Retail (Debug)|Mixed Platforms.Build.0 = Retail|Any CPU
		{4F0FD37F-0C57-46DD-A9E3-6A5A1FA12166}.Retail|.NET.ActiveCfg = Retail|Any CPU
		{4F0FD37F-0C57-46DD-A9E3-6A5A1FA12166}.Retail|Any CPU.ActiveCfg = Retail|Any CPU
		{4F0FD37F-0C57-46DD-A9E3-6A5A1FA12166}.Retail|Any CPU.Build.0 = Retail|Any CPU
		{4F0FD37F-0C57-46DD-A9E3-6A5A1FA12166}.Retail|Mixed Platforms.ActiveCfg = Retail|Any CPU
		{4F0FD37F-0C57-46DD-A9E3-6A5A1FA12166}.Retail|Mixed Platforms.Build.0 = Retail|Any CPU
		{4F0FD37F-0C57-46DD-A9E3-6A5A1FA12166}.Trial (Debug)|.NET.ActiveCfg = Trial|Any CPU
		{4F0FD37F-0C57-46DD-A9E3-6A5A1FA12166}.Trial (Debug)|Any CPU.ActiveCfg = Debug|Any CPU
		{4F0FD37F-0C57-46DD-A9E3-6A5A1FA12166}.Trial (Debug)|Any CPU.Build.0 = Debug|Any CPU
		{4F0FD37F-0C57-46DD-A9E3-6A5A1FA12166}.Trial (Debug)|Mixed Platforms.ActiveCfg = Trial|Any CPU
		{4F0FD37F-0C57-46DD-A9E3-6A5A1FA12166}.Trial (Debug)|Mixed Platforms.Build.0 = Trial|Any CPU
		{4F0FD37F-0C57-46DD-A9E3-6A5A1FA12166}.Trial|.NET.ActiveCfg = Trial|Any CPU
		{4F0FD37F-0C57-46DD-A9E3-6A5A1FA12166}.Trial|Any CPU.ActiveCfg = Trial|Any CPU
		{4F0FD37F-0C57-46DD-A9E3-6A5A1FA12166}.Trial|Any CPU.Build.0 = Trial|Any CPU
		{4F0FD37F-0C57-46DD-A9E3-6A5A1FA12166}.Trial|Mixed Platforms.ActiveCfg = Trial|Any CPU
		{4F0FD37F-0C57-46DD-A9E3-6A5A1FA12166}.Trial|Mixed Platforms.Build.0 = Trial|Any CPU
		{E2DB3912-543F-4971-AAE0-2764FF746B34}.Debug|.NET.ActiveCfg = Debug|Any CPU
		{E2DB3912-543F-4971-AAE0-2764FF746B34}.Debug|Any CPU.ActiveCfg = Debug|Any CPU
		{E2DB3912-543F-4971-AAE0-2764FF746B34}.Debug|Any CPU.Build.0 = Debug|Any CPU
		{E2DB3912-543F-4971-AAE0-2764FF746B34}.Debug|Mixed Platforms.ActiveCfg = Debug|Any CPU
		{E2DB3912-543F-4971-AAE0-2764FF746B34}.Debug|Mixed Platforms.Build.0 = Debug|Any CPU
		{E2DB3912-543F-4971-AAE0-2764FF746B34}.MailSystem Dev|.NET.ActiveCfg = MailSystem Dev|Any CPU
		{E2DB3912-543F-4971-AAE0-2764FF746B34}.MailSystem Dev|Any CPU.ActiveCfg = MailSystem Dev|Any CPU
		{E2DB3912-543F-4971-AAE0-2764FF746B34}.MailSystem Dev|Mixed Platforms.ActiveCfg = MailSystem Dev|Any CPU
		{E2DB3912-543F-4971-AAE0-2764FF746B34}.MailSystem Dev|Mixed Platforms.Build.0 = MailSystem Dev|Any CPU
		{E2DB3912-543F-4971-AAE0-2764FF746B34}.Release|.NET.ActiveCfg = Release|Any CPU
		{E2DB3912-543F-4971-AAE0-2764FF746B34}.Release|Any CPU.ActiveCfg = Release|Any CPU
		{E2DB3912-543F-4971-AAE0-2764FF746B34}.Release|Any CPU.Build.0 = Release|Any CPU
		{E2DB3912-543F-4971-AAE0-2764FF746B34}.Release|Mixed Platforms.ActiveCfg = Release|Any CPU
		{E2DB3912-543F-4971-AAE0-2764FF746B34}.Release|Mixed Platforms.Build.0 = Release|Any CPU
		{E2DB3912-543F-4971-AAE0-2764FF746B34}.Retail (Debug)|.NET.ActiveCfg = Retail|Any CPU
		{E2DB3912-543F-4971-AAE0-2764FF746B34}.Retail (Debug)|Any CPU.ActiveCfg = Debug|Any CPU
		{E2DB3912-543F-4971-AAE0-2764FF746B34}.Retail (Debug)|Any CPU.Build.0 = Debug|Any CPU
		{E2DB3912-543F-4971-AAE0-2764FF746B34}.Retail (Debug)|Mixed Platforms.ActiveCfg = Retail|Any CPU
		{E2DB3912-543F-4971-AAE0-2764FF746B34}.Retail (Debug)|Mixed Platforms.Build.0 = Retail|Any CPU
		{E2DB3912-543F-4971-AAE0-2764FF746B34}.Retail|.NET.ActiveCfg = Retail|Any CPU
		{E2DB3912-543F-4971-AAE0-2764FF746B34}.Retail|Any CPU.ActiveCfg = Retail|Any CPU
		{E2DB3912-543F-4971-AAE0-2764FF746B34}.Retail|Any CPU.Build.0 = Retail|Any CPU
		{E2DB3912-543F-4971-AAE0-2764FF746B34}.Retail|Mixed Platforms.ActiveCfg = Retail|Any CPU
		{E2DB3912-543F-4971-AAE0-2764FF746B34}.Retail|Mixed Platforms.Build.0 = Retail|Any CPU
		{E2DB3912-543F-4971-AAE0-2764FF746B34}.Trial (Debug)|.NET.ActiveCfg = Trial|Any CPU
		{E2DB3912-543F-4971-AAE0-2764FF746B34}.Trial (Debug)|Any CPU.ActiveCfg = Debug|Any CPU
		{E2DB3912-543F-4971-AAE0-2764FF746B34}.Trial (Debug)|Any CPU.Build.0 = Debug|Any CPU
		{E2DB3912-543F-4971-AAE0-2764FF746B34}.Trial (Debug)|Mixed Platforms.ActiveCfg = Trial|Any CPU
		{E2DB3912-543F-4971-AAE0-2764FF746B34}.Trial (Debug)|Mixed Platforms.Build.0 = Trial|Any CPU
		{E2DB3912-543F-4971-AAE0-2764FF746B34}.Trial|.NET.ActiveCfg = Trial|Any CPU
		{E2DB3912-543F-4971-AAE0-2764FF746B34}.Trial|Any CPU.ActiveCfg = Trial|Any CPU
		{E2DB3912-543F-4971-AAE0-2764FF746B34}.Trial|Any CPU.Build.0 = Trial|Any CPU
		{E2DB3912-543F-4971-AAE0-2764FF746B34}.Trial|Mixed Platforms.ActiveCfg = Trial|Any CPU
		{E2DB3912-543F-4971-AAE0-2764FF746B34}.Trial|Mixed Platforms.Build.0 = Trial|Any CPU
		{9A55170C-A322-4783-B70D-E1E088E281D6}.Debug|.NET.ActiveCfg = Debug|Any CPU
		{9A55170C-A322-4783-B70D-E1E088E281D6}.Debug|Any CPU.ActiveCfg = Debug|Any CPU
		{9A55170C-A322-4783-B70D-E1E088E281D6}.Debug|Any CPU.Build.0 = Debug|Any CPU
		{9A55170C-A322-4783-B70D-E1E088E281D6}.Debug|Mixed Platforms.ActiveCfg = Debug|Any CPU
		{9A55170C-A322-4783-B70D-E1E088E281D6}.Debug|Mixed Platforms.Build.0 = Debug|Any CPU
		{9A55170C-A322-4783-B70D-E1E088E281D6}.MailSystem Dev|.NET.ActiveCfg = MailSystem Dev|Any CPU
		{9A55170C-A322-4783-B70D-E1E088E281D6}.MailSystem Dev|Any CPU.ActiveCfg = MailSystem Dev|Any CPU
		{9A55170C-A322-4783-B70D-E1E088E281D6}.MailSystem Dev|Mixed Platforms.ActiveCfg = MailSystem Dev|Any CPU
		{9A55170C-A322-4783-B70D-E1E088E281D6}.MailSystem Dev|Mixed Platforms.Build.0 = MailSystem Dev|Any CPU
		{9A55170C-A322-4783-B70D-E1E088E281D6}.Release|.NET.ActiveCfg = Release|Any CPU
		{9A55170C-A322-4783-B70D-E1E088E281D6}.Release|Any CPU.ActiveCfg = Release|Any CPU
		{9A55170C-A322-4783-B70D-E1E088E281D6}.Release|Any CPU.Build.0 = Release|Any CPU
		{9A55170C-A322-4783-B70D-E1E088E281D6}.Release|Mixed Platforms.ActiveCfg = Release|Any CPU
		{9A55170C-A322-4783-B70D-E1E088E281D6}.Release|Mixed Platforms.Build.0 = Release|Any CPU
		{9A55170C-A322-4783-B70D-E1E088E281D6}.Retail (Debug)|.NET.ActiveCfg = Retail|Any CPU
		{9A55170C-A322-4783-B70D-E1E088E281D6}.Retail (Debug)|Any CPU.ActiveCfg = Debug|Any CPU
		{9A55170C-A322-4783-B70D-E1E088E281D6}.Retail (Debug)|Any CPU.Build.0 = Debug|Any CPU
		{9A55170C-A322-4783-B70D-E1E088E281D6}.Retail (Debug)|Mixed Platforms.ActiveCfg = Retail|Any CPU
		{9A55170C-A322-4783-B70D-E1E088E281D6}.Retail (Debug)|Mixed Platforms.Build.0 = Retail|Any CPU
		{9A55170C-A322-4783-B70D-E1E088E281D6}.Retail|.NET.ActiveCfg = Retail|Any CPU
		{9A55170C-A322-4783-B70D-E1E088E281D6}.Retail|Any CPU.ActiveCfg = Retail|Any CPU
		{9A55170C-A322-4783-B70D-E1E088E281D6}.Retail|Any CPU.Build.0 = Retail|Any CPU
		{9A55170C-A322-4783-B70D-E1E088E281D6}.Retail|Mixed Platforms.ActiveCfg = Retail|Any CPU
		{9A55170C-A322-4783-B70D-E1E088E281D6}.Retail|Mixed Platforms.Build.0 = Retail|Any CPU
		{9A55170C-A322-4783-B70D-E1E088E281D6}.Trial (Debug)|.NET.ActiveCfg = Trial|Any CPU
		{9A55170C-A322-4783-B70D-E1E088E281D6}.Trial (Debug)|Any CPU.ActiveCfg = Debug|Any CPU
		{9A55170C-A322-4783-B70D-E1E088E281D6}.Trial (Debug)|Any CPU.Build.0 = Debug|Any CPU
		{9A55170C-A322-4783-B70D-E1E088E281D6}.Trial (Debug)|Mixed Platforms.ActiveCfg = Trial|Any CPU
		{9A55170C-A322-4783-B70D-E1E088E281D6}.Trial (Debug)|Mixed Platforms.Build.0 = Trial|Any CPU
		{9A55170C-A322-4783-B70D-E1E088E281D6}.Trial|.NET.ActiveCfg = Trial|Any CPU
		{9A55170C-A322-4783-B70D-E1E088E281D6}.Trial|Any CPU.ActiveCfg = Trial|Any CPU
		{9A55170C-A322-4783-B70D-E1E088E281D6}.Trial|Any CPU.Build.0 = Trial|Any CPU
		{9A55170C-A322-4783-B70D-E1E088E281D6}.Trial|Mixed Platforms.ActiveCfg = Trial|Any CPU
		{9A55170C-A322-4783-B70D-E1E088E281D6}.Trial|Mixed Platforms.Build.0 = Trial|Any CPU
		{01406851-4718-47E4-9FA3-B88CEE494282}.Debug|.NET.ActiveCfg = Debug|Any CPU
		{01406851-4718-47E4-9FA3-B88CEE494282}.Debug|Any CPU.ActiveCfg = Debug|Any CPU
		{01406851-4718-47E4-9FA3-B88CEE494282}.Debug|Any CPU.Build.0 = Debug|Any CPU
		{01406851-4718-47E4-9FA3-B88CEE494282}.Debug|Mixed Platforms.ActiveCfg = Debug|Any CPU
		{01406851-4718-47E4-9FA3-B88CEE494282}.Debug|Mixed Platforms.Build.0 = Debug|Any CPU
		{01406851-4718-47E4-9FA3-B88CEE494282}.MailSystem Dev|.NET.ActiveCfg = MailSystem Dev|Any CPU
		{01406851-4718-47E4-9FA3-B88CEE494282}.MailSystem Dev|Any CPU.ActiveCfg = MailSystem Dev|Any CPU
		{01406851-4718-47E4-9FA3-B88CEE494282}.MailSystem Dev|Mixed Platforms.ActiveCfg = MailSystem Dev|Any CPU
		{01406851-4718-47E4-9FA3-B88CEE494282}.MailSystem Dev|Mixed Platforms.Build.0 = MailSystem Dev|Any CPU
		{01406851-4718-47E4-9FA3-B88CEE494282}.Release|.NET.ActiveCfg = Release|Any CPU
		{01406851-4718-47E4-9FA3-B88CEE494282}.Release|Any CPU.ActiveCfg = Release|Any CPU
		{01406851-4718-47E4-9FA3-B88CEE494282}.Release|Any CPU.Build.0 = Release|Any CPU
		{01406851-4718-47E4-9FA3-B88CEE494282}.Release|Mixed Platforms.ActiveCfg = Release|Any CPU
		{01406851-4718-47E4-9FA3-B88CEE494282}.Release|Mixed Platforms.Build.0 = Release|Any CPU
		{01406851-4718-47E4-9FA3-B88CEE494282}.Retail (Debug)|.NET.ActiveCfg = Retail|Any CPU
		{01406851-4718-47E4-9FA3-B88CEE494282}.Retail (Debug)|Any CPU.ActiveCfg = Debug|Any CPU
		{01406851-4718-47E4-9FA3-B88CEE494282}.Retail (Debug)|Any CPU.Build.0 = Debug|Any CPU
		{01406851-4718-47E4-9FA3-B88CEE494282}.Retail (Debug)|Mixed Platforms.ActiveCfg = Retail|Any CPU
		{01406851-4718-47E4-9FA3-B88CEE494282}.Retail (Debug)|Mixed Platforms.Build.0 = Retail|Any CPU
		{01406851-4718-47E4-9FA3-B88CEE494282}.Retail|.NET.ActiveCfg = Retail|Any CPU
		{01406851-4718-47E4-9FA3-B88CEE494282}.Retail|Any CPU.ActiveCfg = Retail|Any CPU
		{01406851-4718-47E4-9FA3-B88CEE494282}.Retail|Any CPU.Build.0 = Retail|Any CPU
		{01406851-4718-47E4-9FA3-B88CEE494282}.Retail|Mixed Platforms.ActiveCfg = Retail|Any CPU
		{01406851-4718-47E4-9FA3-B88CEE494282}.Retail|Mixed Platforms.Build.0 = Retail|Any CPU
		{01406851-4718-47E4-9FA3-B88CEE494282}.Trial (Debug)|.NET.ActiveCfg = Trial|Any CPU
		{01406851-4718-47E4-9FA3-B88CEE494282}.Trial (Debug)|Any CPU.ActiveCfg = Debug|Any CPU
		{01406851-4718-47E4-9FA3-B88CEE494282}.Trial (Debug)|Any CPU.Build.0 = Debug|Any CPU
		{01406851-4718-47E4-9FA3-B88CEE494282}.Trial (Debug)|Mixed Platforms.ActiveCfg = Trial|Any CPU
		{01406851-4718-47E4-9FA3-B88CEE494282}.Trial (Debug)|Mixed Platforms.Build.0 = Trial|Any CPU
		{01406851-4718-47E4-9FA3-B88CEE494282}.Trial|.NET.ActiveCfg = Trial|Any CPU
		{01406851-4718-47E4-9FA3-B88CEE494282}.Trial|Any CPU.ActiveCfg = Trial|Any CPU
		{01406851-4718-47E4-9FA3-B88CEE494282}.Trial|Any CPU.Build.0 = Trial|Any CPU
		{01406851-4718-47E4-9FA3-B88CEE494282}.Trial|Mixed Platforms.ActiveCfg = Trial|Any CPU
		{01406851-4718-47E4-9FA3-B88CEE494282}.Trial|Mixed Platforms.Build.0 = Trial|Any CPU
		{03838A8B-B69A-4105-80DF-0B477B362CCF}.Debug|.NET.ActiveCfg = Debug|Any CPU
		{03838A8B-B69A-4105-80DF-0B477B362CCF}.Debug|Any CPU.ActiveCfg = Debug|Any CPU
		{03838A8B-B69A-4105-80DF-0B477B362CCF}.Debug|Any CPU.Build.0 = Debug|Any CPU
		{03838A8B-B69A-4105-80DF-0B477B362CCF}.Debug|Mixed Platforms.ActiveCfg = Debug|Any CPU
		{03838A8B-B69A-4105-80DF-0B477B362CCF}.Debug|Mixed Platforms.Build.0 = Debug|Any CPU
		{03838A8B-B69A-4105-80DF-0B477B362CCF}.MailSystem Dev|.NET.ActiveCfg = MailSystem Dev|Any CPU
		{03838A8B-B69A-4105-80DF-0B477B362CCF}.MailSystem Dev|Any CPU.ActiveCfg = MailSystem Dev|Any CPU
		{03838A8B-B69A-4105-80DF-0B477B362CCF}.MailSystem Dev|Mixed Platforms.ActiveCfg = MailSystem Dev|Any CPU
		{03838A8B-B69A-4105-80DF-0B477B362CCF}.MailSystem Dev|Mixed Platforms.Build.0 = MailSystem Dev|Any CPU
		{03838A8B-B69A-4105-80DF-0B477B362CCF}.Release|.NET.ActiveCfg = Release|Any CPU
		{03838A8B-B69A-4105-80DF-0B477B362CCF}.Release|Any CPU.ActiveCfg = Release|Any CPU
		{03838A8B-B69A-4105-80DF-0B477B362CCF}.Release|Any CPU.Build.0 = Release|Any CPU
		{03838A8B-B69A-4105-80DF-0B477B362CCF}.Release|Mixed Platforms.ActiveCfg = Release|Any CPU
		{03838A8B-B69A-4105-80DF-0B477B362CCF}.Release|Mixed Platforms.Build.0 = Release|Any CPU
		{03838A8B-B69A-4105-80DF-0B477B362CCF}.Retail (Debug)|.NET.ActiveCfg = Retail|Any CPU
		{03838A8B-B69A-4105-80DF-0B477B362CCF}.Retail (Debug)|Any CPU.ActiveCfg = Debug|Any CPU
		{03838A8B-B69A-4105-80DF-0B477B362CCF}.Retail (Debug)|Any CPU.Build.0 = Debug|Any CPU
		{03838A8B-B69A-4105-80DF-0B477B362CCF}.Retail (Debug)|Mixed Platforms.ActiveCfg = Retail|Any CPU
		{03838A8B-B69A-4105-80DF-0B477B362CCF}.Retail (Debug)|Mixed Platforms.Build.0 = Retail|Any CPU
		{03838A8B-B69A-4105-80DF-0B477B362CCF}.Retail|.NET.ActiveCfg = Retail|Any CPU
		{03838A8B-B69A-4105-80DF-0B477B362CCF}.Retail|Any CPU.ActiveCfg = Retail|Any CPU
		{03838A8B-B69A-4105-80DF-0B477B362CCF}.Retail|Any CPU.Build.0 = Retail|Any CPU
		{03838A8B-B69A-4105-80DF-0B477B362CCF}.Retail|Mixed Platforms.ActiveCfg = Retail|Any CPU
		{03838A8B-B69A-4105-80DF-0B477B362CCF}.Retail|Mixed Platforms.Build.0 = Retail|Any CPU
		{03838A8B-B69A-4105-80DF-0B477B362CCF}.Trial (Debug)|.NET.ActiveCfg = Trial|Any CPU
		{03838A8B-B69A-4105-80DF-0B477B362CCF}.Trial (Debug)|Any CPU.ActiveCfg = Debug|Any CPU
		{03838A8B-B69A-4105-80DF-0B477B362CCF}.Trial (Debug)|Any CPU.Build.0 = Debug|Any CPU
		{03838A8B-B69A-4105-80DF-0B477B362CCF}.Trial (Debug)|Mixed Platforms.ActiveCfg = Trial|Any CPU
		{03838A8B-B69A-4105-80DF-0B477B362CCF}.Trial (Debug)|Mixed Platforms.Build.0 = Trial|Any CPU
		{03838A8B-B69A-4105-80DF-0B477B362CCF}.Trial|.NET.ActiveCfg = Trial|Any CPU
		{03838A8B-B69A-4105-80DF-0B477B362CCF}.Trial|Any CPU.ActiveCfg = Trial|Any CPU
		{03838A8B-B69A-4105-80DF-0B477B362CCF}.Trial|Any CPU.Build.0 = Trial|Any CPU
		{03838A8B-B69A-4105-80DF-0B477B362CCF}.Trial|Mixed Platforms.ActiveCfg = Trial|Any CPU
		{03838A8B-B69A-4105-80DF-0B477B362CCF}.Trial|Mixed Platforms.Build.0 = Trial|Any CPU
		{90A0FFA4-A279-43D4-BFE7-14FA0F3274CE}.Debug|.NET.ActiveCfg = Debug|Any CPU
		{90A0FFA4-A279-43D4-BFE7-14FA0F3274CE}.Debug|Any CPU.ActiveCfg = Debug|Any CPU
		{90A0FFA4-A279-43D4-BFE7-14FA0F3274CE}.Debug|Any CPU.Build.0 = Debug|Any CPU
		{90A0FFA4-A279-43D4-BFE7-14FA0F3274CE}.Debug|Mixed Platforms.ActiveCfg = Debug|Any CPU
		{90A0FFA4-A279-43D4-BFE7-14FA0F3274CE}.Debug|Mixed Platforms.Build.0 = Debug|Any CPU
		{90A0FFA4-A279-43D4-BFE7-14FA0F3274CE}.MailSystem Dev|.NET.ActiveCfg = MailSystem Dev|Any CPU
		{90A0FFA4-A279-43D4-BFE7-14FA0F3274CE}.MailSystem Dev|Any CPU.ActiveCfg = MailSystem Dev|Any CPU
		{90A0FFA4-A279-43D4-BFE7-14FA0F3274CE}.MailSystem Dev|Mixed Platforms.ActiveCfg = MailSystem Dev|Any CPU
		{90A0FFA4-A279-43D4-BFE7-14FA0F3274CE}.MailSystem Dev|Mixed Platforms.Build.0 = MailSystem Dev|Any CPU
		{90A0FFA4-A279-43D4-BFE7-14FA0F3274CE}.Release|.NET.ActiveCfg = Release|Any CPU
		{90A0FFA4-A279-43D4-BFE7-14FA0F3274CE}.Release|Any CPU.ActiveCfg = Release|Any CPU
		{90A0FFA4-A279-43D4-BFE7-14FA0F3274CE}.Release|Any CPU.Build.0 = Release|Any CPU
		{90A0FFA4-A279-43D4-BFE7-14FA0F3274CE}.Release|Mixed Platforms.ActiveCfg = Release|Any CPU
		{90A0FFA4-A279-43D4-BFE7-14FA0F3274CE}.Release|Mixed Platforms.Build.0 = Release|Any CPU
		{90A0FFA4-A279-43D4-BFE7-14FA0F3274CE}.Retail (Debug)|.NET.ActiveCfg = Retail|Any CPU
		{90A0FFA4-A279-43D4-BFE7-14FA0F3274CE}.Retail (Debug)|Any CPU.ActiveCfg = Debug|Any CPU
		{90A0FFA4-A279-43D4-BFE7-14FA0F3274CE}.Retail (Debug)|Any CPU.Build.0 = Debug|Any CPU
		{90A0FFA4-A279-43D4-BFE7-14FA0F3274CE}.Retail (Debug)|Mixed Platforms.ActiveCfg = Retail|Any CPU
		{90A0FFA4-A279-43D4-BFE7-14FA0F3274CE}.Retail (Debug)|Mixed Platforms.Build.0 = Retail|Any CPU
		{90A0FFA4-A279-43D4-BFE7-14FA0F3274CE}.Retail|.NET.ActiveCfg = Retail|Any CPU
		{90A0FFA4-A279-43D4-BFE7-14FA0F3274CE}.Retail|Any CPU.ActiveCfg = Retail|Any CPU
		{90A0FFA4-A279-43D4-BFE7-14FA0F3274CE}.Retail|Any CPU.Build.0 = Retail|Any CPU
		{90A0FFA4-A279-43D4-BFE7-14FA0F3274CE}.Retail|Mixed Platforms.ActiveCfg = Retail|Any CPU
		{90A0FFA4-A279-43D4-BFE7-14FA0F3274CE}.Retail|Mixed Platforms.Build.0 = Retail|Any CPU
		{90A0FFA4-A279-43D4-BFE7-14FA0F3274CE}.Trial (Debug)|.NET.ActiveCfg = Trial|Any CPU
		{90A0FFA4-A279-43D4-BFE7-14FA0F3274CE}.Trial (Debug)|Any CPU.ActiveCfg = Debug|Any CPU
		{90A0FFA4-A279-43D4-BFE7-14FA0F3274CE}.Trial (Debug)|Any CPU.Build.0 = Debug|Any CPU
		{90A0FFA4-A279-43D4-BFE7-14FA0F3274CE}.Trial (Debug)|Mixed Platforms.ActiveCfg = Trial|Any CPU
		{90A0FFA4-A279-43D4-BFE7-14FA0F3274CE}.Trial (Debug)|Mixed Platforms.Build.0 = Trial|Any CPU
		{90A0FFA4-A279-43D4-BFE7-14FA0F3274CE}.Trial|.NET.ActiveCfg = Trial|Any CPU
		{90A0FFA4-A279-43D4-BFE7-14FA0F3274CE}.Trial|Any CPU.ActiveCfg = Trial|Any CPU
		{90A0FFA4-A279-43D4-BFE7-14FA0F3274CE}.Trial|Any CPU.Build.0 = Trial|Any CPU
		{90A0FFA4-A279-43D4-BFE7-14FA0F3274CE}.Trial|Mixed Platforms.ActiveCfg = Trial|Any CPU
		{90A0FFA4-A279-43D4-BFE7-14FA0F3274CE}.Trial|Mixed Platforms.Build.0 = Trial|Any CPU
		{9474D5ED-903B-4AD3-A31C-1835B47A6069}.Debug|.NET.ActiveCfg = Debug|Any CPU
		{9474D5ED-903B-4AD3-A31C-1835B47A6069}.Debug|Any CPU.ActiveCfg = Debug|Any CPU
		{9474D5ED-903B-4AD3-A31C-1835B47A6069}.Debug|Any CPU.Build.0 = Debug|Any CPU
		{9474D5ED-903B-4AD3-A31C-1835B47A6069}.Debug|Mixed Platforms.ActiveCfg = Debug|Any CPU
		{9474D5ED-903B-4AD3-A31C-1835B47A6069}.Debug|Mixed Platforms.Build.0 = Debug|Any CPU
		{9474D5ED-903B-4AD3-A31C-1835B47A6069}.MailSystem Dev|.NET.ActiveCfg = MailSystem Dev|Any CPU
		{9474D5ED-903B-4AD3-A31C-1835B47A6069}.MailSystem Dev|Any CPU.ActiveCfg = MailSystem Dev|Any CPU
		{9474D5ED-903B-4AD3-A31C-1835B47A6069}.MailSystem Dev|Mixed Platforms.ActiveCfg = MailSystem Dev|Any CPU
		{9474D5ED-903B-4AD3-A31C-1835B47A6069}.MailSystem Dev|Mixed Platforms.Build.0 = MailSystem Dev|Any CPU
		{9474D5ED-903B-4AD3-A31C-1835B47A6069}.Release|.NET.ActiveCfg = Release|Any CPU
		{9474D5ED-903B-4AD3-A31C-1835B47A6069}.Release|Any CPU.ActiveCfg = Release|Any CPU
		{9474D5ED-903B-4AD3-A31C-1835B47A6069}.Release|Any CPU.Build.0 = Release|Any CPU
		{9474D5ED-903B-4AD3-A31C-1835B47A6069}.Release|Mixed Platforms.ActiveCfg = Release|Any CPU
		{9474D5ED-903B-4AD3-A31C-1835B47A6069}.Release|Mixed Platforms.Build.0 = Release|Any CPU
		{9474D5ED-903B-4AD3-A31C-1835B47A6069}.Retail (Debug)|.NET.ActiveCfg = Retail|Any CPU
		{9474D5ED-903B-4AD3-A31C-1835B47A6069}.Retail (Debug)|Any CPU.ActiveCfg = Debug|Any CPU
		{9474D5ED-903B-4AD3-A31C-1835B47A6069}.Retail (Debug)|Any CPU.Build.0 = Debug|Any CPU
		{9474D5ED-903B-4AD3-A31C-1835B47A6069}.Retail (Debug)|Mixed Platforms.ActiveCfg = Retail|Any CPU
		{9474D5ED-903B-4AD3-A31C-1835B47A6069}.Retail (Debug)|Mixed Platforms.Build.0 = Retail|Any CPU
		{9474D5ED-903B-4AD3-A31C-1835B47A6069}.Retail|.NET.ActiveCfg = Retail|Any CPU
		{9474D5ED-903B-4AD3-A31C-1835B47A6069}.Retail|Any CPU.ActiveCfg = Retail|Any CPU
		{9474D5ED-903B-4AD3-A31C-1835B47A6069}.Retail|Any CPU.Build.0 = Retail|Any CPU
		{9474D5ED-903B-4AD3-A31C-1835B47A6069}.Retail|Mixed Platforms.ActiveCfg = Retail|Any CPU
		{9474D5ED-903B-4AD3-A31C-1835B47A6069}.Retail|Mixed Platforms.Build.0 = Retail|Any CPU
		{9474D5ED-903B-4AD3-A31C-1835B47A6069}.Trial (Debug)|.NET.ActiveCfg = Trial|Any CPU
		{9474D5ED-903B-4AD3-A31C-1835B47A6069}.Trial (Debug)|Any CPU.ActiveCfg = Debug|Any CPU
		{9474D5ED-903B-4AD3-A31C-1835B47A6069}.Trial (Debug)|Any CPU.Build.0 = Debug|Any CPU
		{9474D5ED-903B-4AD3-A31C-1835B47A6069}.Trial (Debug)|Mixed Platforms.ActiveCfg = Trial|Any CPU
		{9474D5ED-903B-4AD3-A31C-1835B47A6069}.Trial (Debug)|Mixed Platforms.Build.0 = Trial|Any CPU
		{9474D5ED-903B-4AD3-A31C-1835B47A6069}.Trial|.NET.ActiveCfg = Trial|Any CPU
		{9474D5ED-903B-4AD3-A31C-1835B47A6069}.Trial|Any CPU.ActiveCfg = Trial|Any CPU
		{9474D5ED-903B-4AD3-A31C-1835B47A6069}.Trial|Any CPU.Build.0 = Trial|Any CPU
		{9474D5ED-903B-4AD3-A31C-1835B47A6069}.Trial|Mixed Platforms.ActiveCfg = Trial|Any CPU
		{9474D5ED-903B-4AD3-A31C-1835B47A6069}.Trial|Mixed Platforms.Build.0 = Trial|Any CPU
		{B100399D-BE6B-4339-92AD-3175AE808D0E}.Debug|.NET.ActiveCfg = Debug|Any CPU
		{B100399D-BE6B-4339-92AD-3175AE808D0E}.Debug|Any CPU.ActiveCfg = Debug|Any CPU
		{B100399D-BE6B-4339-92AD-3175AE808D0E}.Debug|Any CPU.Build.0 = Debug|Any CPU
		{B100399D-BE6B-4339-92AD-3175AE808D0E}.Debug|Mixed Platforms.ActiveCfg = Debug|Any CPU
		{B100399D-BE6B-4339-92AD-3175AE808D0E}.Debug|Mixed Platforms.Build.0 = Debug|Any CPU
		{B100399D-BE6B-4339-92AD-3175AE808D0E}.MailSystem Dev|.NET.ActiveCfg = MailSystem Dev|Any CPU
		{B100399D-BE6B-4339-92AD-3175AE808D0E}.MailSystem Dev|Any CPU.ActiveCfg = MailSystem Dev|Any CPU
		{B100399D-BE6B-4339-92AD-3175AE808D0E}.MailSystem Dev|Mixed Platforms.ActiveCfg = MailSystem Dev|Any CPU
		{B100399D-BE6B-4339-92AD-3175AE808D0E}.MailSystem Dev|Mixed Platforms.Build.0 = MailSystem Dev|Any CPU
		{B100399D-BE6B-4339-92AD-3175AE808D0E}.Release|.NET.ActiveCfg = Release|Any CPU
		{B100399D-BE6B-4339-92AD-3175AE808D0E}.Release|Any CPU.ActiveCfg = Release|Any CPU
		{B100399D-BE6B-4339-92AD-3175AE808D0E}.Release|Any CPU.Build.0 = Release|Any CPU
		{B100399D-BE6B-4339-92AD-3175AE808D0E}.Release|Mixed Platforms.ActiveCfg = Release|Any CPU
		{B100399D-BE6B-4339-92AD-3175AE808D0E}.Release|Mixed Platforms.Build.0 = Release|Any CPU
		{B100399D-BE6B-4339-92AD-3175AE808D0E}.Retail (Debug)|.NET.ActiveCfg = Retail|Any CPU
		{B100399D-BE6B-4339-92AD-3175AE808D0E}.Retail (Debug)|Any CPU.ActiveCfg = Debug|Any CPU
		{B100399D-BE6B-4339-92AD-3175AE808D0E}.Retail (Debug)|Any CPU.Build.0 = Debug|Any CPU
		{B100399D-BE6B-4339-92AD-3175AE808D0E}.Retail (Debug)|Mixed Platforms.ActiveCfg = Retail|Any CPU
		{B100399D-BE6B-4339-92AD-3175AE808D0E}.Retail (Debug)|Mixed Platforms.Build.0 = Retail|Any CPU
		{B100399D-BE6B-4339-92AD-3175AE808D0E}.Retail|.NET.ActiveCfg = Retail|Any CPU
		{B100399D-BE6B-4339-92AD-3175AE808D0E}.Retail|Any CPU.ActiveCfg = Retail|Any CPU
		{B100399D-BE6B-4339-92AD-3175AE808D0E}.Retail|Any CPU.Build.0 = Retail|Any CPU
		{B100399D-BE6B-4339-92AD-3175AE808D0E}.Retail|Mixed Platforms.ActiveCfg = Retail|Any CPU
		{B100399D-BE6B-4339-92AD-3175AE808D0E}.Retail|Mixed Platforms.Build.0 = Retail|Any CPU
		{B100399D-BE6B-4339-92AD-3175AE808D0E}.Trial (Debug)|.NET.ActiveCfg = Trial|Any CPU
		{B100399D-BE6B-4339-92AD-3175AE808D0E}.Trial (Debug)|Any CPU.ActiveCfg = Debug|Any CPU
		{B100399D-BE6B-4339-92AD-3175AE808D0E}.Trial (Debug)|Any CPU.Build.0 = Debug|Any CPU
		{B100399D-BE6B-4339-92AD-3175AE808D0E}.Trial (Debug)|Mixed Platforms.ActiveCfg = Trial|Any CPU
		{B100399D-BE6B-4339-92AD-3175AE808D0E}.Trial (Debug)|Mixed Platforms.Build.0 = Trial|Any CPU
		{B100399D-BE6B-4339-92AD-3175AE808D0E}.Trial|.NET.ActiveCfg = Trial|Any CPU
		{B100399D-BE6B-4339-92AD-3175AE808D0E}.Trial|Any CPU.ActiveCfg = Trial|Any CPU
		{B100399D-BE6B-4339-92AD-3175AE808D0E}.Trial|Any CPU.Build.0 = Trial|Any CPU
		{B100399D-BE6B-4339-92AD-3175AE808D0E}.Trial|Mixed Platforms.ActiveCfg = Trial|Any CPU
		{B100399D-BE6B-4339-92AD-3175AE808D0E}.Trial|Mixed Platforms.Build.0 = Trial|Any CPU
		{475CDE73-90F0-4DCF-8B6A-0B0A0FF37FC5}.Debug|.NET.ActiveCfg = Debug|Any CPU
		{475CDE73-90F0-4DCF-8B6A-0B0A0FF37FC5}.Debug|Any CPU.ActiveCfg = Debug|Any CPU
		{475CDE73-90F0-4DCF-8B6A-0B0A0FF37FC5}.Debug|Any CPU.Build.0 = Debug|Any CPU
		{475CDE73-90F0-4DCF-8B6A-0B0A0FF37FC5}.Debug|Mixed Platforms.ActiveCfg = Debug|Any CPU
		{475CDE73-90F0-4DCF-8B6A-0B0A0FF37FC5}.Debug|Mixed Platforms.Build.0 = Debug|Any CPU
		{475CDE73-90F0-4DCF-8B6A-0B0A0FF37FC5}.MailSystem Dev|.NET.ActiveCfg = MailSystem Dev|Any CPU
		{475CDE73-90F0-4DCF-8B6A-0B0A0FF37FC5}.MailSystem Dev|Any CPU.ActiveCfg = MailSystem Dev|Any CPU
		{475CDE73-90F0-4DCF-8B6A-0B0A0FF37FC5}.MailSystem Dev|Mixed Platforms.ActiveCfg = MailSystem Dev|Any CPU
		{475CDE73-90F0-4DCF-8B6A-0B0A0FF37FC5}.MailSystem Dev|Mixed Platforms.Build.0 = MailSystem Dev|Any CPU
		{475CDE73-90F0-4DCF-8B6A-0B0A0FF37FC5}.Release|.NET.ActiveCfg = Release|Any CPU
		{475CDE73-90F0-4DCF-8B6A-0B0A0FF37FC5}.Release|Any CPU.ActiveCfg = Release|Any CPU
		{475CDE73-90F0-4DCF-8B6A-0B0A0FF37FC5}.Release|Any CPU.Build.0 = Release|Any CPU
		{475CDE73-90F0-4DCF-8B6A-0B0A0FF37FC5}.Release|Mixed Platforms.ActiveCfg = Release|Any CPU
		{475CDE73-90F0-4DCF-8B6A-0B0A0FF37FC5}.Release|Mixed Platforms.Build.0 = Release|Any CPU
		{475CDE73-90F0-4DCF-8B6A-0B0A0FF37FC5}.Retail (Debug)|.NET.ActiveCfg = Retail|Any CPU
		{475CDE73-90F0-4DCF-8B6A-0B0A0FF37FC5}.Retail (Debug)|Any CPU.ActiveCfg = Debug|Any CPU
		{475CDE73-90F0-4DCF-8B6A-0B0A0FF37FC5}.Retail (Debug)|Any CPU.Build.0 = Debug|Any CPU
		{475CDE73-90F0-4DCF-8B6A-0B0A0FF37FC5}.Retail (Debug)|Mixed Platforms.ActiveCfg = Retail|Any CPU
		{475CDE73-90F0-4DCF-8B6A-0B0A0FF37FC5}.Retail (Debug)|Mixed Platforms.Build.0 = Retail|Any CPU
		{475CDE73-90F0-4DCF-8B6A-0B0A0FF37FC5}.Retail|.NET.ActiveCfg = Retail|Any CPU
		{475CDE73-90F0-4DCF-8B6A-0B0A0FF37FC5}.Retail|Any CPU.ActiveCfg = Retail|Any CPU
		{475CDE73-90F0-4DCF-8B6A-0B0A0FF37FC5}.Retail|Any CPU.Build.0 = Retail|Any CPU
		{475CDE73-90F0-4DCF-8B6A-0B0A0FF37FC5}.Retail|Mixed Platforms.ActiveCfg = Retail|Any CPU
		{475CDE73-90F0-4DCF-8B6A-0B0A0FF37FC5}.Retail|Mixed Platforms.Build.0 = Retail|Any CPU
		{475CDE73-90F0-4DCF-8B6A-0B0A0FF37FC5}.Trial (Debug)|.NET.ActiveCfg = Trial|Any CPU
		{475CDE73-90F0-4DCF-8B6A-0B0A0FF37FC5}.Trial (Debug)|Any CPU.ActiveCfg = Debug|Any CPU
		{475CDE73-90F0-4DCF-8B6A-0B0A0FF37FC5}.Trial (Debug)|Any CPU.Build.0 = Debug|Any CPU
		{475CDE73-90F0-4DCF-8B6A-0B0A0FF37FC5}.Trial (Debug)|Mixed Platforms.ActiveCfg = Trial|Any CPU
		{475CDE73-90F0-4DCF-8B6A-0B0A0FF37FC5}.Trial (Debug)|Mixed Platforms.Build.0 = Trial|Any CPU
		{475CDE73-90F0-4DCF-8B6A-0B0A0FF37FC5}.Trial|.NET.ActiveCfg = Trial|Any CPU
		{475CDE73-90F0-4DCF-8B6A-0B0A0FF37FC5}.Trial|Any CPU.ActiveCfg = Trial|Any CPU
		{475CDE73-90F0-4DCF-8B6A-0B0A0FF37FC5}.Trial|Any CPU.Build.0 = Trial|Any CPU
		{475CDE73-90F0-4DCF-8B6A-0B0A0FF37FC5}.Trial|Mixed Platforms.ActiveCfg = Trial|Any CPU
		{475CDE73-90F0-4DCF-8B6A-0B0A0FF37FC5}.Trial|Mixed Platforms.Build.0 = Trial|Any CPU
		{C646ED2B-50B7-4178-BEFA-657F1259251F}.Debug|.NET.ActiveCfg = Debug|Any CPU
		{C646ED2B-50B7-4178-BEFA-657F1259251F}.Debug|Any CPU.ActiveCfg = Debug|Any CPU
		{C646ED2B-50B7-4178-BEFA-657F1259251F}.Debug|Any CPU.Build.0 = Debug|Any CPU
		{C646ED2B-50B7-4178-BEFA-657F1259251F}.Debug|Mixed Platforms.ActiveCfg = Debug|Any CPU
		{C646ED2B-50B7-4178-BEFA-657F1259251F}.Debug|Mixed Platforms.Build.0 = Debug|Any CPU
		{C646ED2B-50B7-4178-BEFA-657F1259251F}.MailSystem Dev|.NET.ActiveCfg = MailSystem Dev|Any CPU
		{C646ED2B-50B7-4178-BEFA-657F1259251F}.MailSystem Dev|Any CPU.ActiveCfg = MailSystem Dev|Any CPU
		{C646ED2B-50B7-4178-BEFA-657F1259251F}.MailSystem Dev|Any CPU.Build.0 = MailSystem Dev|Any CPU
		{C646ED2B-50B7-4178-BEFA-657F1259251F}.MailSystem Dev|Mixed Platforms.ActiveCfg = MailSystem Dev|Any CPU
		{C646ED2B-50B7-4178-BEFA-657F1259251F}.MailSystem Dev|Mixed Platforms.Build.0 = MailSystem Dev|Any CPU
		{C646ED2B-50B7-4178-BEFA-657F1259251F}.Release|.NET.ActiveCfg = Release|Any CPU
		{C646ED2B-50B7-4178-BEFA-657F1259251F}.Release|Any CPU.ActiveCfg = Release|Any CPU
		{C646ED2B-50B7-4178-BEFA-657F1259251F}.Release|Any CPU.Build.0 = Release|Any CPU
		{C646ED2B-50B7-4178-BEFA-657F1259251F}.Release|Mixed Platforms.ActiveCfg = Release|Any CPU
		{C646ED2B-50B7-4178-BEFA-657F1259251F}.Release|Mixed Platforms.Build.0 = Release|Any CPU
		{C646ED2B-50B7-4178-BEFA-657F1259251F}.Retail (Debug)|.NET.ActiveCfg = Retail|Any CPU
		{C646ED2B-50B7-4178-BEFA-657F1259251F}.Retail (Debug)|Any CPU.ActiveCfg = Retail|Any CPU
		{C646ED2B-50B7-4178-BEFA-657F1259251F}.Retail (Debug)|Any CPU.Build.0 = Retail|Any CPU
		{C646ED2B-50B7-4178-BEFA-657F1259251F}.Retail (Debug)|Mixed Platforms.ActiveCfg = Retail|Any CPU
		{C646ED2B-50B7-4178-BEFA-657F1259251F}.Retail (Debug)|Mixed Platforms.Build.0 = Retail|Any CPU
		{C646ED2B-50B7-4178-BEFA-657F1259251F}.Retail|.NET.ActiveCfg = Retail|Any CPU
		{C646ED2B-50B7-4178-BEFA-657F1259251F}.Retail|Any CPU.ActiveCfg = Retail|Any CPU
		{C646ED2B-50B7-4178-BEFA-657F1259251F}.Retail|Any CPU.Build.0 = Retail|Any CPU
		{C646ED2B-50B7-4178-BEFA-657F1259251F}.Retail|Mixed Platforms.ActiveCfg = Retail|Any CPU
		{C646ED2B-50B7-4178-BEFA-657F1259251F}.Retail|Mixed Platforms.Build.0 = Retail|Any CPU
		{C646ED2B-50B7-4178-BEFA-657F1259251F}.Trial (Debug)|.NET.ActiveCfg = Trial|Any CPU
		{C646ED2B-50B7-4178-BEFA-657F1259251F}.Trial (Debug)|Any CPU.ActiveCfg = Trial|Any CPU
		{C646ED2B-50B7-4178-BEFA-657F1259251F}.Trial (Debug)|Any CPU.Build.0 = Trial|Any CPU
		{C646ED2B-50B7-4178-BEFA-657F1259251F}.Trial (Debug)|Mixed Platforms.ActiveCfg = Trial|Any CPU
		{C646ED2B-50B7-4178-BEFA-657F1259251F}.Trial (Debug)|Mixed Platforms.Build.0 = Trial|Any CPU
		{C646ED2B-50B7-4178-BEFA-657F1259251F}.Trial|.NET.ActiveCfg = Trial|Any CPU
		{C646ED2B-50B7-4178-BEFA-657F1259251F}.Trial|Any CPU.ActiveCfg = Trial|Any CPU
		{C646ED2B-50B7-4178-BEFA-657F1259251F}.Trial|Any CPU.Build.0 = Trial|Any CPU
		{C646ED2B-50B7-4178-BEFA-657F1259251F}.Trial|Mixed Platforms.ActiveCfg = Trial|Any CPU
		{C646ED2B-50B7-4178-BEFA-657F1259251F}.Trial|Mixed Platforms.Build.0 = Trial|Any CPU
		{3A83AE95-C23F-48B4-9F1A-AD4B32C37B93}.Debug|.NET.ActiveCfg = Debug|Any CPU
		{3A83AE95-C23F-48B4-9F1A-AD4B32C37B93}.Debug|Any CPU.ActiveCfg = Debug|Any CPU
		{3A83AE95-C23F-48B4-9F1A-AD4B32C37B93}.Debug|Any CPU.Build.0 = Debug|Any CPU
		{3A83AE95-C23F-48B4-9F1A-AD4B32C37B93}.Debug|Mixed Platforms.ActiveCfg = Debug|Any CPU
		{3A83AE95-C23F-48B4-9F1A-AD4B32C37B93}.Debug|Mixed Platforms.Build.0 = Debug|Any CPU
		{3A83AE95-C23F-48B4-9F1A-AD4B32C37B93}.MailSystem Dev|.NET.ActiveCfg = MailSystem Dev|Any CPU
		{3A83AE95-C23F-48B4-9F1A-AD4B32C37B93}.MailSystem Dev|Any CPU.ActiveCfg = MailSystem Dev|Any CPU
		{3A83AE95-C23F-48B4-9F1A-AD4B32C37B93}.MailSystem Dev|Any CPU.Build.0 = MailSystem Dev|Any CPU
		{3A83AE95-C23F-48B4-9F1A-AD4B32C37B93}.MailSystem Dev|Mixed Platforms.ActiveCfg = MailSystem Dev|Any CPU
		{3A83AE95-C23F-48B4-9F1A-AD4B32C37B93}.MailSystem Dev|Mixed Platforms.Build.0 = MailSystem Dev|Any CPU
		{3A83AE95-C23F-48B4-9F1A-AD4B32C37B93}.Release|.NET.ActiveCfg = Release|Any CPU
		{3A83AE95-C23F-48B4-9F1A-AD4B32C37B93}.Release|Any CPU.ActiveCfg = Release|Any CPU
		{3A83AE95-C23F-48B4-9F1A-AD4B32C37B93}.Release|Any CPU.Build.0 = Release|Any CPU
		{3A83AE95-C23F-48B4-9F1A-AD4B32C37B93}.Release|Mixed Platforms.ActiveCfg = Release|Any CPU
		{3A83AE95-C23F-48B4-9F1A-AD4B32C37B93}.Release|Mixed Platforms.Build.0 = Release|Any CPU
		{3A83AE95-C23F-48B4-9F1A-AD4B32C37B93}.Retail (Debug)|.NET.ActiveCfg = Retail|Any CPU
		{3A83AE95-C23F-48B4-9F1A-AD4B32C37B93}.Retail (Debug)|Any CPU.ActiveCfg = Retail|Any CPU
		{3A83AE95-C23F-48B4-9F1A-AD4B32C37B93}.Retail (Debug)|Any CPU.Build.0 = Retail|Any CPU
		{3A83AE95-C23F-48B4-9F1A-AD4B32C37B93}.Retail (Debug)|Mixed Platforms.ActiveCfg = Retail|Any CPU
		{3A83AE95-C23F-48B4-9F1A-AD4B32C37B93}.Retail (Debug)|Mixed Platforms.Build.0 = Retail|Any CPU
		{3A83AE95-C23F-48B4-9F1A-AD4B32C37B93}.Retail|.NET.ActiveCfg = Retail|Any CPU
		{3A83AE95-C23F-48B4-9F1A-AD4B32C37B93}.Retail|Any CPU.ActiveCfg = Retail|Any CPU
		{3A83AE95-C23F-48B4-9F1A-AD4B32C37B93}.Retail|Any CPU.Build.0 = Retail|Any CPU
		{3A83AE95-C23F-48B4-9F1A-AD4B32C37B93}.Retail|Mixed Platforms.ActiveCfg = Retail|Any CPU
		{3A83AE95-C23F-48B4-9F1A-AD4B32C37B93}.Retail|Mixed Platforms.Build.0 = Retail|Any CPU
		{3A83AE95-C23F-48B4-9F1A-AD4B32C37B93}.Trial (Debug)|.NET.ActiveCfg = Trial|Any CPU
		{3A83AE95-C23F-48B4-9F1A-AD4B32C37B93}.Trial (Debug)|Any CPU.ActiveCfg = Trial|Any CPU
		{3A83AE95-C23F-48B4-9F1A-AD4B32C37B93}.Trial (Debug)|Any CPU.Build.0 = Trial|Any CPU
		{3A83AE95-C23F-48B4-9F1A-AD4B32C37B93}.Trial (Debug)|Mixed Platforms.ActiveCfg = Trial|Any CPU
		{3A83AE95-C23F-48B4-9F1A-AD4B32C37B93}.Trial (Debug)|Mixed Platforms.Build.0 = Trial|Any CPU
		{3A83AE95-C23F-48B4-9F1A-AD4B32C37B93}.Trial|.NET.ActiveCfg = Trial|Any CPU
		{3A83AE95-C23F-48B4-9F1A-AD4B32C37B93}.Trial|Any CPU.ActiveCfg = Trial|Any CPU
		{3A83AE95-C23F-48B4-9F1A-AD4B32C37B93}.Trial|Any CPU.Build.0 = Trial|Any CPU
		{3A83AE95-C23F-48B4-9F1A-AD4B32C37B93}.Trial|Mixed Platforms.ActiveCfg = Trial|Any CPU
		{3A83AE95-C23F-48B4-9F1A-AD4B32C37B93}.Trial|Mixed Platforms.Build.0 = Trial|Any CPU
		{6BEE77DF-2DD2-41C3-BA16-60E20B1EDDCC}.Debug|.NET.ActiveCfg = Debug|Any CPU
		{6BEE77DF-2DD2-41C3-BA16-60E20B1EDDCC}.Debug|Any CPU.ActiveCfg = Debug|Any CPU
		{6BEE77DF-2DD2-41C3-BA16-60E20B1EDDCC}.Debug|Any CPU.Build.0 = Debug|Any CPU
		{6BEE77DF-2DD2-41C3-BA16-60E20B1EDDCC}.Debug|Mixed Platforms.ActiveCfg = Debug|Any CPU
		{6BEE77DF-2DD2-41C3-BA16-60E20B1EDDCC}.Debug|Mixed Platforms.Build.0 = Debug|Any CPU
		{6BEE77DF-2DD2-41C3-BA16-60E20B1EDDCC}.MailSystem Dev|.NET.ActiveCfg = MailSystem Dev|Any CPU
		{6BEE77DF-2DD2-41C3-BA16-60E20B1EDDCC}.MailSystem Dev|Any CPU.ActiveCfg = MailSystem Dev|Any CPU
		{6BEE77DF-2DD2-41C3-BA16-60E20B1EDDCC}.MailSystem Dev|Any CPU.Build.0 = MailSystem Dev|Any CPU
		{6BEE77DF-2DD2-41C3-BA16-60E20B1EDDCC}.MailSystem Dev|Mixed Platforms.ActiveCfg = MailSystem Dev|Any CPU
		{6BEE77DF-2DD2-41C3-BA16-60E20B1EDDCC}.MailSystem Dev|Mixed Platforms.Build.0 = MailSystem Dev|Any CPU
		{6BEE77DF-2DD2-41C3-BA16-60E20B1EDDCC}.Release|.NET.ActiveCfg = Release|Any CPU
		{6BEE77DF-2DD2-41C3-BA16-60E20B1EDDCC}.Release|Any CPU.ActiveCfg = Release|Any CPU
		{6BEE77DF-2DD2-41C3-BA16-60E20B1EDDCC}.Release|Any CPU.Build.0 = Release|Any CPU
		{6BEE77DF-2DD2-41C3-BA16-60E20B1EDDCC}.Release|Mixed Platforms.ActiveCfg = Release|Any CPU
		{6BEE77DF-2DD2-41C3-BA16-60E20B1EDDCC}.Release|Mixed Platforms.Build.0 = Release|Any CPU
		{6BEE77DF-2DD2-41C3-BA16-60E20B1EDDCC}.Retail (Debug)|.NET.ActiveCfg = Retail|Any CPU
		{6BEE77DF-2DD2-41C3-BA16-60E20B1EDDCC}.Retail (Debug)|Any CPU.ActiveCfg = Retail|Any CPU
		{6BEE77DF-2DD2-41C3-BA16-60E20B1EDDCC}.Retail (Debug)|Any CPU.Build.0 = Retail|Any CPU
		{6BEE77DF-2DD2-41C3-BA16-60E20B1EDDCC}.Retail (Debug)|Mixed Platforms.ActiveCfg = Retail|Any CPU
		{6BEE77DF-2DD2-41C3-BA16-60E20B1EDDCC}.Retail (Debug)|Mixed Platforms.Build.0 = Retail|Any CPU
		{6BEE77DF-2DD2-41C3-BA16-60E20B1EDDCC}.Retail|.NET.ActiveCfg = Retail|Any CPU
		{6BEE77DF-2DD2-41C3-BA16-60E20B1EDDCC}.Retail|Any CPU.ActiveCfg = Retail|Any CPU
		{6BEE77DF-2DD2-41C3-BA16-60E20B1EDDCC}.Retail|Any CPU.Build.0 = Retail|Any CPU
		{6BEE77DF-2DD2-41C3-BA16-60E20B1EDDCC}.Retail|Mixed Platforms.ActiveCfg = Retail|Any CPU
		{6BEE77DF-2DD2-41C3-BA16-60E20B1EDDCC}.Retail|Mixed Platforms.Build.0 = Retail|Any CPU
		{6BEE77DF-2DD2-41C3-BA16-60E20B1EDDCC}.Trial (Debug)|.NET.ActiveCfg = Trial|Any CPU
		{6BEE77DF-2DD2-41C3-BA16-60E20B1EDDCC}.Trial (Debug)|Any CPU.ActiveCfg = Trial|Any CPU
		{6BEE77DF-2DD2-41C3-BA16-60E20B1EDDCC}.Trial (Debug)|Any CPU.Build.0 = Trial|Any CPU
		{6BEE77DF-2DD2-41C3-BA16-60E20B1EDDCC}.Trial (Debug)|Mixed Platforms.ActiveCfg = Trial|Any CPU
		{6BEE77DF-2DD2-41C3-BA16-60E20B1EDDCC}.Trial (Debug)|Mixed Platforms.Build.0 = Trial|Any CPU
		{6BEE77DF-2DD2-41C3-BA16-60E20B1EDDCC}.Trial|.NET.ActiveCfg = Trial|Any CPU
		{6BEE77DF-2DD2-41C3-BA16-60E20B1EDDCC}.Trial|Any CPU.ActiveCfg = Trial|Any CPU
		{6BEE77DF-2DD2-41C3-BA16-60E20B1EDDCC}.Trial|Any CPU.Build.0 = Trial|Any CPU
		{6BEE77DF-2DD2-41C3-BA16-60E20B1EDDCC}.Trial|Mixed Platforms.ActiveCfg = Trial|Any CPU
		{6BEE77DF-2DD2-41C3-BA16-60E20B1EDDCC}.Trial|Mixed Platforms.Build.0 = Trial|Any CPU
		{FF4B354A-213B-415A-B8F7-582BAAFABC8C}.Debug|.NET.ActiveCfg = Debug|Any CPU
		{FF4B354A-213B-415A-B8F7-582BAAFABC8C}.Debug|Any CPU.ActiveCfg = Debug|Any CPU
		{FF4B354A-213B-415A-B8F7-582BAAFABC8C}.Debug|Any CPU.Build.0 = Debug|Any CPU
		{FF4B354A-213B-415A-B8F7-582BAAFABC8C}.Debug|Mixed Platforms.ActiveCfg = Debug|Any CPU
		{FF4B354A-213B-415A-B8F7-582BAAFABC8C}.Debug|Mixed Platforms.Build.0 = Debug|Any CPU
		{FF4B354A-213B-415A-B8F7-582BAAFABC8C}.MailSystem Dev|.NET.ActiveCfg = MailSystem Dev|Any CPU
		{FF4B354A-213B-415A-B8F7-582BAAFABC8C}.MailSystem Dev|Any CPU.ActiveCfg = MailSystem Dev|Any CPU
		{FF4B354A-213B-415A-B8F7-582BAAFABC8C}.MailSystem Dev|Any CPU.Build.0 = MailSystem Dev|Any CPU
		{FF4B354A-213B-415A-B8F7-582BAAFABC8C}.MailSystem Dev|Mixed Platforms.ActiveCfg = MailSystem Dev|Any CPU
		{FF4B354A-213B-415A-B8F7-582BAAFABC8C}.MailSystem Dev|Mixed Platforms.Build.0 = MailSystem Dev|Any CPU
		{FF4B354A-213B-415A-B8F7-582BAAFABC8C}.Release|.NET.ActiveCfg = Release|Any CPU
		{FF4B354A-213B-415A-B8F7-582BAAFABC8C}.Release|Any CPU.ActiveCfg = Release|Any CPU
		{FF4B354A-213B-415A-B8F7-582BAAFABC8C}.Release|Any CPU.Build.0 = Release|Any CPU
		{FF4B354A-213B-415A-B8F7-582BAAFABC8C}.Release|Mixed Platforms.ActiveCfg = Release|Any CPU
		{FF4B354A-213B-415A-B8F7-582BAAFABC8C}.Release|Mixed Platforms.Build.0 = Release|Any CPU
		{FF4B354A-213B-415A-B8F7-582BAAFABC8C}.Retail (Debug)|.NET.ActiveCfg = Retail|Any CPU
		{FF4B354A-213B-415A-B8F7-582BAAFABC8C}.Retail (Debug)|Any CPU.ActiveCfg = Retail|Any CPU
		{FF4B354A-213B-415A-B8F7-582BAAFABC8C}.Retail (Debug)|Any CPU.Build.0 = Retail|Any CPU
		{FF4B354A-213B-415A-B8F7-582BAAFABC8C}.Retail (Debug)|Mixed Platforms.ActiveCfg = Retail|Any CPU
		{FF4B354A-213B-415A-B8F7-582BAAFABC8C}.Retail (Debug)|Mixed Platforms.Build.0 = Retail|Any CPU
		{FF4B354A-213B-415A-B8F7-582BAAFABC8C}.Retail|.NET.ActiveCfg = Retail|Any CPU
		{FF4B354A-213B-415A-B8F7-582BAAFABC8C}.Retail|Any CPU.ActiveCfg = Retail|Any CPU
		{FF4B354A-213B-415A-B8F7-582BAAFABC8C}.Retail|Any CPU.Build.0 = Retail|Any CPU
		{FF4B354A-213B-415A-B8F7-582BAAFABC8C}.Retail|Mixed Platforms.ActiveCfg = Retail|Any CPU
		{FF4B354A-213B-415A-B8F7-582BAAFABC8C}.Retail|Mixed Platforms.Build.0 = Retail|Any CPU
		{FF4B354A-213B-415A-B8F7-582BAAFABC8C}.Trial (Debug)|.NET.ActiveCfg = Trial|Any CPU
		{FF4B354A-213B-415A-B8F7-582BAAFABC8C}.Trial (Debug)|Any CPU.ActiveCfg = Trial|Any CPU
		{FF4B354A-213B-415A-B8F7-582BAAFABC8C}.Trial (Debug)|Any CPU.Build.0 = Trial|Any CPU
		{FF4B354A-213B-415A-B8F7-582BAAFABC8C}.Trial (Debug)|Mixed Platforms.ActiveCfg = Trial|Any CPU
		{FF4B354A-213B-415A-B8F7-582BAAFABC8C}.Trial (Debug)|Mixed Platforms.Build.0 = Trial|Any CPU
		{FF4B354A-213B-415A-B8F7-582BAAFABC8C}.Trial|.NET.ActiveCfg = Trial|Any CPU
		{FF4B354A-213B-415A-B8F7-582BAAFABC8C}.Trial|Any CPU.ActiveCfg = Trial|Any CPU
		{FF4B354A-213B-415A-B8F7-582BAAFABC8C}.Trial|Any CPU.Build.0 = Trial|Any CPU
		{FF4B354A-213B-415A-B8F7-582BAAFABC8C}.Trial|Mixed Platforms.ActiveCfg = Trial|Any CPU
		{FF4B354A-213B-415A-B8F7-582BAAFABC8C}.Trial|Mixed Platforms.Build.0 = Trial|Any CPU
		{3F01CF20-C49D-44A9-AA57-68F04915FE97}.Debug|.NET.ActiveCfg = Debug|Any CPU
		{3F01CF20-C49D-44A9-AA57-68F04915FE97}.Debug|Any CPU.ActiveCfg = Debug|Any CPU
		{3F01CF20-C49D-44A9-AA57-68F04915FE97}.Debug|Any CPU.Build.0 = Debug|Any CPU
		{3F01CF20-C49D-44A9-AA57-68F04915FE97}.Debug|Mixed Platforms.ActiveCfg = Debug|Any CPU
		{3F01CF20-C49D-44A9-AA57-68F04915FE97}.Debug|Mixed Platforms.Build.0 = Debug|Any CPU
		{3F01CF20-C49D-44A9-AA57-68F04915FE97}.MailSystem Dev|.NET.ActiveCfg = MailSystem Dev|Any CPU
		{3F01CF20-C49D-44A9-AA57-68F04915FE97}.MailSystem Dev|Any CPU.ActiveCfg = MailSystem Dev|Any CPU
		{3F01CF20-C49D-44A9-AA57-68F04915FE97}.MailSystem Dev|Any CPU.Build.0 = MailSystem Dev|Any CPU
		{3F01CF20-C49D-44A9-AA57-68F04915FE97}.MailSystem Dev|Mixed Platforms.ActiveCfg = MailSystem Dev|Any CPU
		{3F01CF20-C49D-44A9-AA57-68F04915FE97}.MailSystem Dev|Mixed Platforms.Build.0 = MailSystem Dev|Any CPU
		{3F01CF20-C49D-44A9-AA57-68F04915FE97}.Release|.NET.ActiveCfg = Release|Any CPU
		{3F01CF20-C49D-44A9-AA57-68F04915FE97}.Release|Any CPU.ActiveCfg = Release|Any CPU
		{3F01CF20-C49D-44A9-AA57-68F04915FE97}.Release|Any CPU.Build.0 = Release|Any CPU
		{3F01CF20-C49D-44A9-AA57-68F04915FE97}.Release|Mixed Platforms.ActiveCfg = Release|Any CPU
		{3F01CF20-C49D-44A9-AA57-68F04915FE97}.Release|Mixed Platforms.Build.0 = Release|Any CPU
		{3F01CF20-C49D-44A9-AA57-68F04915FE97}.Retail (Debug)|.NET.ActiveCfg = Retail|Any CPU
		{3F01CF20-C49D-44A9-AA57-68F04915FE97}.Retail (Debug)|Any CPU.ActiveCfg = Retail|Any CPU
		{3F01CF20-C49D-44A9-AA57-68F04915FE97}.Retail (Debug)|Any CPU.Build.0 = Retail|Any CPU
		{3F01CF20-C49D-44A9-AA57-68F04915FE97}.Retail (Debug)|Mixed Platforms.ActiveCfg = Retail|Any CPU
		{3F01CF20-C49D-44A9-AA57-68F04915FE97}.Retail (Debug)|Mixed Platforms.Build.0 = Retail|Any CPU
		{3F01CF20-C49D-44A9-AA57-68F04915FE97}.Retail|.NET.ActiveCfg = Retail|Any CPU
		{3F01CF20-C49D-44A9-AA57-68F04915FE97}.Retail|Any CPU.ActiveCfg = Retail|Any CPU
		{3F01CF20-C49D-44A9-AA57-68F04915FE97}.Retail|Any CPU.Build.0 = Retail|Any CPU
		{3F01CF20-C49D-44A9-AA57-68F04915FE97}.Retail|Mixed Platforms.ActiveCfg = Retail|Any CPU
		{3F01CF20-C49D-44A9-AA57-68F04915FE97}.Retail|Mixed Platforms.Build.0 = Retail|Any CPU
		{3F01CF20-C49D-44A9-AA57-68F04915FE97}.Trial (Debug)|.NET.ActiveCfg = Trial|Any CPU
		{3F01CF20-C49D-44A9-AA57-68F04915FE97}.Trial (Debug)|Any CPU.ActiveCfg = Trial|Any CPU
		{3F01CF20-C49D-44A9-AA57-68F04915FE97}.Trial (Debug)|Any CPU.Build.0 = Trial|Any CPU
		{3F01CF20-C49D-44A9-AA57-68F04915FE97}.Trial (Debug)|Mixed Platforms.ActiveCfg = Trial|Any CPU
		{3F01CF20-C49D-44A9-AA57-68F04915FE97}.Trial (Debug)|Mixed Platforms.Build.0 = Trial|Any CPU
		{3F01CF20-C49D-44A9-AA57-68F04915FE97}.Trial|.NET.ActiveCfg = Trial|Any CPU
		{3F01CF20-C49D-44A9-AA57-68F04915FE97}.Trial|Any CPU.ActiveCfg = Trial|Any CPU
		{3F01CF20-C49D-44A9-AA57-68F04915FE97}.Trial|Any CPU.Build.0 = Trial|Any CPU
		{3F01CF20-C49D-44A9-AA57-68F04915FE97}.Trial|Mixed Platforms.ActiveCfg = Trial|Any CPU
		{3F01CF20-C49D-44A9-AA57-68F04915FE97}.Trial|Mixed Platforms.Build.0 = Trial|Any CPU
		{D9BCD15E-A438-4554-89D3-1CF122167FDD}.Debug|.NET.ActiveCfg = Debug|Any CPU
		{D9BCD15E-A438-4554-89D3-1CF122167FDD}.Debug|Any CPU.ActiveCfg = Debug|Any CPU
		{D9BCD15E-A438-4554-89D3-1CF122167FDD}.Debug|Any CPU.Build.0 = Debug|Any CPU
		{D9BCD15E-A438-4554-89D3-1CF122167FDD}.Debug|Mixed Platforms.ActiveCfg = Debug|Any CPU
		{D9BCD15E-A438-4554-89D3-1CF122167FDD}.Debug|Mixed Platforms.Build.0 = Debug|Any CPU
		{D9BCD15E-A438-4554-89D3-1CF122167FDD}.MailSystem Dev|.NET.ActiveCfg = MailSystem Dev|Any CPU
		{D9BCD15E-A438-4554-89D3-1CF122167FDD}.MailSystem Dev|Any CPU.ActiveCfg = MailSystem Dev|Any CPU
		{D9BCD15E-A438-4554-89D3-1CF122167FDD}.MailSystem Dev|Any CPU.Build.0 = MailSystem Dev|Any CPU
		{D9BCD15E-A438-4554-89D3-1CF122167FDD}.MailSystem Dev|Mixed Platforms.ActiveCfg = MailSystem Dev|Any CPU
		{D9BCD15E-A438-4554-89D3-1CF122167FDD}.MailSystem Dev|Mixed Platforms.Build.0 = MailSystem Dev|Any CPU
		{D9BCD15E-A438-4554-89D3-1CF122167FDD}.Release|.NET.ActiveCfg = Release|Any CPU
		{D9BCD15E-A438-4554-89D3-1CF122167FDD}.Release|Any CPU.ActiveCfg = Release|Any CPU
		{D9BCD15E-A438-4554-89D3-1CF122167FDD}.Release|Any CPU.Build.0 = Release|Any CPU
		{D9BCD15E-A438-4554-89D3-1CF122167FDD}.Release|Mixed Platforms.ActiveCfg = Release|Any CPU
		{D9BCD15E-A438-4554-89D3-1CF122167FDD}.Release|Mixed Platforms.Build.0 = Release|Any CPU
		{D9BCD15E-A438-4554-89D3-1CF122167FDD}.Retail (Debug)|.NET.ActiveCfg = Retail|Any CPU
		{D9BCD15E-A438-4554-89D3-1CF122167FDD}.Retail (Debug)|Any CPU.ActiveCfg = Retail|Any CPU
		{D9BCD15E-A438-4554-89D3-1CF122167FDD}.Retail (Debug)|Any CPU.Build.0 = Retail|Any CPU
		{D9BCD15E-A438-4554-89D3-1CF122167FDD}.Retail (Debug)|Mixed Platforms.ActiveCfg = Retail|Any CPU
		{D9BCD15E-A438-4554-89D3-1CF122167FDD}.Retail (Debug)|Mixed Platforms.Build.0 = Retail|Any CPU
		{D9BCD15E-A438-4554-89D3-1CF122167FDD}.Retail|.NET.ActiveCfg = Retail|Any CPU
		{D9BCD15E-A438-4554-89D3-1CF122167FDD}.Retail|Any CPU.ActiveCfg = Retail|Any CPU
		{D9BCD15E-A438-4554-89D3-1CF122167FDD}.Retail|Any CPU.Build.0 = Retail|Any CPU
		{D9BCD15E-A438-4554-89D3-1CF122167FDD}.Retail|Mixed Platforms.ActiveCfg = Retail|Any CPU
		{D9BCD15E-A438-4554-89D3-1CF122167FDD}.Retail|Mixed Platforms.Build.0 = Retail|Any CPU
		{D9BCD15E-A438-4554-89D3-1CF122167FDD}.Trial (Debug)|.NET.ActiveCfg = Trial|Any CPU
		{D9BCD15E-A438-4554-89D3-1CF122167FDD}.Trial (Debug)|Any CPU.ActiveCfg = Trial|Any CPU
		{D9BCD15E-A438-4554-89D3-1CF122167FDD}.Trial (Debug)|Any CPU.Build.0 = Trial|Any CPU
		{D9BCD15E-A438-4554-89D3-1CF122167FDD}.Trial (Debug)|Mixed Platforms.ActiveCfg = Trial|Any CPU
		{D9BCD15E-A438-4554-89D3-1CF122167FDD}.Trial (Debug)|Mixed Platforms.Build.0 = Trial|Any CPU
		{D9BCD15E-A438-4554-89D3-1CF122167FDD}.Trial|.NET.ActiveCfg = Trial|Any CPU
		{D9BCD15E-A438-4554-89D3-1CF122167FDD}.Trial|Any CPU.ActiveCfg = Trial|Any CPU
		{D9BCD15E-A438-4554-89D3-1CF122167FDD}.Trial|Any CPU.Build.0 = Trial|Any CPU
		{D9BCD15E-A438-4554-89D3-1CF122167FDD}.Trial|Mixed Platforms.ActiveCfg = Trial|Any CPU
		{D9BCD15E-A438-4554-89D3-1CF122167FDD}.Trial|Mixed Platforms.Build.0 = Trial|Any CPU
		{5AD3438E-9024-4908-BA15-92726159C4FB}.Debug|.NET.ActiveCfg = Debug|Any CPU
		{5AD3438E-9024-4908-BA15-92726159C4FB}.Debug|Any CPU.ActiveCfg = Debug|Any CPU
		{5AD3438E-9024-4908-BA15-92726159C4FB}.Debug|Any CPU.Build.0 = Debug|Any CPU
		{5AD3438E-9024-4908-BA15-92726159C4FB}.Debug|Mixed Platforms.ActiveCfg = Debug|Any CPU
		{5AD3438E-9024-4908-BA15-92726159C4FB}.Debug|Mixed Platforms.Build.0 = Debug|Any CPU
		{5AD3438E-9024-4908-BA15-92726159C4FB}.MailSystem Dev|.NET.ActiveCfg = Release|Any CPU
		{5AD3438E-9024-4908-BA15-92726159C4FB}.MailSystem Dev|Any CPU.ActiveCfg = Release|Any CPU
		{5AD3438E-9024-4908-BA15-92726159C4FB}.MailSystem Dev|Any CPU.Build.0 = Release|Any CPU
		{5AD3438E-9024-4908-BA15-92726159C4FB}.MailSystem Dev|Mixed Platforms.ActiveCfg = Release|Any CPU
		{5AD3438E-9024-4908-BA15-92726159C4FB}.MailSystem Dev|Mixed Platforms.Build.0 = Release|Any CPU
		{5AD3438E-9024-4908-BA15-92726159C4FB}.Release|.NET.ActiveCfg = Release|Any CPU
		{5AD3438E-9024-4908-BA15-92726159C4FB}.Release|Any CPU.ActiveCfg = Release|Any CPU
		{5AD3438E-9024-4908-BA15-92726159C4FB}.Release|Any CPU.Build.0 = Release|Any CPU
		{5AD3438E-9024-4908-BA15-92726159C4FB}.Release|Mixed Platforms.ActiveCfg = Release|Any CPU
		{5AD3438E-9024-4908-BA15-92726159C4FB}.Release|Mixed Platforms.Build.0 = Release|Any CPU
		{5AD3438E-9024-4908-BA15-92726159C4FB}.Retail (Debug)|.NET.ActiveCfg = Debug|Any CPU
		{5AD3438E-9024-4908-BA15-92726159C4FB}.Retail (Debug)|Any CPU.ActiveCfg = Debug|Any CPU
		{5AD3438E-9024-4908-BA15-92726159C4FB}.Retail (Debug)|Any CPU.Build.0 = Debug|Any CPU
		{5AD3438E-9024-4908-BA15-92726159C4FB}.Retail (Debug)|Mixed Platforms.ActiveCfg = Debug|Any CPU
		{5AD3438E-9024-4908-BA15-92726159C4FB}.Retail (Debug)|Mixed Platforms.Build.0 = Debug|Any CPU
		{5AD3438E-9024-4908-BA15-92726159C4FB}.Retail|.NET.ActiveCfg = Release|Any CPU
		{5AD3438E-9024-4908-BA15-92726159C4FB}.Retail|Any CPU.ActiveCfg = Release|Any CPU
		{5AD3438E-9024-4908-BA15-92726159C4FB}.Retail|Any CPU.Build.0 = Release|Any CPU
		{5AD3438E-9024-4908-BA15-92726159C4FB}.Retail|Mixed Platforms.ActiveCfg = Release|Any CPU
		{5AD3438E-9024-4908-BA15-92726159C4FB}.Retail|Mixed Platforms.Build.0 = Release|Any CPU
		{5AD3438E-9024-4908-BA15-92726159C4FB}.Trial (Debug)|.NET.ActiveCfg = Debug|Any CPU
		{5AD3438E-9024-4908-BA15-92726159C4FB}.Trial (Debug)|Any CPU.ActiveCfg = Debug|Any CPU
		{5AD3438E-9024-4908-BA15-92726159C4FB}.Trial (Debug)|Any CPU.Build.0 = Debug|Any CPU
		{5AD3438E-9024-4908-BA15-92726159C4FB}.Trial (Debug)|Mixed Platforms.ActiveCfg = Debug|Any CPU
		{5AD3438E-9024-4908-BA15-92726159C4FB}.Trial (Debug)|Mixed Platforms.Build.0 = Debug|Any CPU
		{5AD3438E-9024-4908-BA15-92726159C4FB}.Trial|.NET.ActiveCfg = Release|Any CPU
		{5AD3438E-9024-4908-BA15-92726159C4FB}.Trial|Any CPU.ActiveCfg = Release|Any CPU
		{5AD3438E-9024-4908-BA15-92726159C4FB}.Trial|Any CPU.Build.0 = Release|Any CPU
		{5AD3438E-9024-4908-BA15-92726159C4FB}.Trial|Mixed Platforms.ActiveCfg = Release|Any CPU
		{5AD3438E-9024-4908-BA15-92726159C4FB}.Trial|Mixed Platforms.Build.0 = Release|Any CPU
	EndGlobalSection
	GlobalSection(SolutionProperties) = preSolution
		HideSolutionNode = FALSE
	EndGlobalSection
	GlobalSection(NestedProjects) = preSolution
		{2BD4C73E-C8DB-420E-9505-96D3F3BCA7B6} = {629D406B-F46A-4A9D-A31F-C5956E0AB157}
		{00CB8737-BA35-4775-AFA4-B8CD446AB83F} = {629D406B-F46A-4A9D-A31F-C5956E0AB157}
		{1E4D8E5B-D422-47DC-9CF3-B8E88A4472AF} = {629D406B-F46A-4A9D-A31F-C5956E0AB157}
		{A82CE4DD-9B08-439C-BC28-CB7B2BFFA85C} = {629D406B-F46A-4A9D-A31F-C5956E0AB157}
		{C646ED2B-50B7-4178-BEFA-657F1259251F} = {629D406B-F46A-4A9D-A31F-C5956E0AB157}
		{3A83AE95-C23F-48B4-9F1A-AD4B32C37B93} = {629D406B-F46A-4A9D-A31F-C5956E0AB157}
		{6BEE77DF-2DD2-41C3-BA16-60E20B1EDDCC} = {629D406B-F46A-4A9D-A31F-C5956E0AB157}
		{FF4B354A-213B-415A-B8F7-582BAAFABC8C} = {629D406B-F46A-4A9D-A31F-C5956E0AB157}
		{3F01CF20-C49D-44A9-AA57-68F04915FE97} = {629D406B-F46A-4A9D-A31F-C5956E0AB157}
		{D9BCD15E-A438-4554-89D3-1CF122167FDD} = {629D406B-F46A-4A9D-A31F-C5956E0AB157}
		{5AD3438E-9024-4908-BA15-92726159C4FB} = {629D406B-F46A-4A9D-A31F-C5956E0AB157}
		{4F0FD37F-0C57-46DD-A9E3-6A5A1FA12166} = {C95F2CCE-9CA6-45A0-BFE6-4E737072B58F}
		{E2DB3912-543F-4971-AAE0-2764FF746B34} = {C95F2CCE-9CA6-45A0-BFE6-4E737072B58F}
		{9A55170C-A322-4783-B70D-E1E088E281D6} = {C95F2CCE-9CA6-45A0-BFE6-4E737072B58F}
		{01406851-4718-47E4-9FA3-B88CEE494282} = {C95F2CCE-9CA6-45A0-BFE6-4E737072B58F}
		{03838A8B-B69A-4105-80DF-0B477B362CCF} = {C95F2CCE-9CA6-45A0-BFE6-4E737072B58F}
		{90A0FFA4-A279-43D4-BFE7-14FA0F3274CE} = {C95F2CCE-9CA6-45A0-BFE6-4E737072B58F}
		{9474D5ED-903B-4AD3-A31C-1835B47A6069} = {C95F2CCE-9CA6-45A0-BFE6-4E737072B58F}
		{B100399D-BE6B-4339-92AD-3175AE808D0E} = {C95F2CCE-9CA6-45A0-BFE6-4E737072B58F}
		{475CDE73-90F0-4DCF-8B6A-0B0A0FF37FC5} = {C95F2CCE-9CA6-45A0-BFE6-4E737072B58F}
	EndGlobalSection
EndGlobal
