
Microsoft Visual Studio Solution File, Format Version 9.00
# Visual Studio 2005
Project("{E24C65DC-7377-472B-9ABA-BC803B73C61A}") = "C:\...\ActiveUp.MailSystem.WebMessaging\", ".", "{6893211A-A311-4875-9B62-9D96B8F25105}"
	ProjectSection(WebsiteProperties) = preProject
		Debug.AspNetCompiler.VirtualPath = "/ActiveUp.MailSystem.WebMessaging"
		Debug.AspNetCompiler.PhysicalPath = "..\..\..\..\..\..\Projects\ActiveUp.MailSystem\ActiveUp.MailSystem\Samples\CS\ActiveUp.MailSystem.WebMessaging\"
		Debug.AspNetCompiler.TargetPath = "PrecompiledWeb\ActiveUp.MailSystem.WebMessaging\"
		Debug.AspNetCompiler.Updateable = "true"
		Debug.AspNetCompiler.ForceOverwrite = "true"
		Debug.AspNetCompiler.FixedNames = "false"
		Debug.AspNetCompiler.Debug = "True"
		Release.AspNetCompiler.VirtualPath = "/ActiveUp.MailSystem.WebMessaging"
		Release.AspNetCompiler.PhysicalPath = "..\..\..\..\..\..\Projects\ActiveUp.MailSystem\ActiveUp.MailSystem\Samples\CS\ActiveUp.MailSystem.WebMessaging\"
		Release.AspNetCompiler.TargetPath = "PrecompiledWeb\ActiveUp.MailSystem.WebMessaging\"
		Release.AspNetCompiler.Updateable = "true"
		Release.AspNetCompiler.ForceOverwrite = "true"
		Release.AspNetCompiler.FixedNames = "false"
		Release.AspNetCompiler.Debug = "False"
		VWDPort = "1755"
	EndProjectSection
EndProject
Global
	GlobalSection(SolutionConfigurationPlatforms) = preSolution
		Debug|.NET = Debug|.NET
	EndGlobalSection
	GlobalSection(ProjectConfigurationPlatforms) = postSolution
		{6893211A-A311-4875-9B62-9D96B8F25105}.Debug|.NET.ActiveCfg = Debug|.NET
		{6893211A-A311-4875-9B62-9D96B8F25105}.Debug|.NET.Build.0 = Debug|.NET
	EndGlobalSection
	GlobalSection(SolutionProperties) = preSolution
		HideSolutionNode = FALSE
	EndGlobalSection
EndGlobal
