
Microsoft Visual Studio Solution File, Format Version 9.00
# Visual Studio 2005
Project("{E24C65DC-7377-472B-9ABA-BC803B73C61A}") = "C:\...\ActiveUp.MailSystem.WebMail\", ".", "{046144E1-6731-43EF-AF8B-D4514A898F81}"
	ProjectSection(WebsiteProperties) = preProject
		Debug.AspNetCompiler.VirtualPath = "/ActiveUp.MailSystem.WebMail"
		Debug.AspNetCompiler.PhysicalPath = "..\..\..\..\..\..\Projects\ActiveUp.MailSystem\ActiveUp.MailSystem\Samples\CS\ActiveUp.MailSystem.WebMail\"
		Debug.AspNetCompiler.TargetPath = "PrecompiledWeb\ActiveUp.MailSystem.WebMail\"
		Debug.AspNetCompiler.Updateable = "true"
		Debug.AspNetCompiler.ForceOverwrite = "true"
		Debug.AspNetCompiler.FixedNames = "false"
		Debug.AspNetCompiler.Debug = "True"
		Release.AspNetCompiler.VirtualPath = "/ActiveUp.MailSystem.WebMail"
		Release.AspNetCompiler.PhysicalPath = "..\..\..\..\..\..\Projects\ActiveUp.MailSystem\ActiveUp.MailSystem\Samples\CS\ActiveUp.MailSystem.WebMail\"
		Release.AspNetCompiler.TargetPath = "PrecompiledWeb\ActiveUp.MailSystem.WebMail\"
		Release.AspNetCompiler.Updateable = "true"
		Release.AspNetCompiler.ForceOverwrite = "true"
		Release.AspNetCompiler.FixedNames = "false"
		Release.AspNetCompiler.Debug = "False"
		VWDPort = "2439"
		DefaultWebSiteLanguage = "Visual C#"
	EndProjectSection
EndProject
Global
	GlobalSection(SolutionConfigurationPlatforms) = preSolution
		Debug|.NET = Debug|.NET
	EndGlobalSection
	GlobalSection(ProjectConfigurationPlatforms) = postSolution
		{046144E1-6731-43EF-AF8B-D4514A898F81}.Debug|.NET.ActiveCfg = Debug|.NET
		{046144E1-6731-43EF-AF8B-D4514A898F81}.Debug|.NET.Build.0 = Debug|.NET
	EndGlobalSection
	GlobalSection(SolutionProperties) = preSolution
		HideSolutionNode = FALSE
	EndGlobalSection
EndGlobal
